// !$*UTF8*$!
{
	archiveVersion = 1;
	classes = {
	};
	objectVersion = 63;
	objects = {

/* Begin PBXBuildFile section */
		07A122CD68554DEF139F0929 /* MedicationFormView.swift in Sources */ = {isa = PBXBuildFile; fileRef = 0822331373D994BC40BCB45F /* MedicationFormView.swift */; };
		08F2E2D7265212F0DAEC48C8 /* APIError.swift in Sources */ = {isa = PBXBuildFile; fileRef = 1B421542D92993BB7B79D9D3 /* APIError.swift */; };
		0E7183A7256CA67A2F98F040 /* APIClient.swift in Sources */ = {isa = PBXBuildFile; fileRef = 48D944249F964B12755FD2DF /* APIClient.swift */; };
		1C2D3E4F5A6B7C8D9E0F1A2B /* MedicationDTO.swift in Sources */ = {isa = PBXBuildFile; fileRef = 2B3C4D5E6F708192A3B4C5D6 /* MedicationDTO.swift */; };
		A9B8C7D6E5F4031223344556 /* PatientTodayViewModel.swift in Sources */ = {isa = PBXBuildFile; fileRef = B1C2D3E4F5061728394A5B6C /* PatientTodayViewModel.swift */; };
		291B6376A250F33FB5566E26 /* EmptyDTO.swift in Sources */ = {isa = PBXBuildFile; fileRef = F416FC7961AEE499FB0C7826 /* EmptyDTO.swift */; };
		2D3E4F5A6B7C8D9E0F1A2B3C /* StateViews.swift in Sources */ = {isa = PBXBuildFile; fileRef = 3C4D5E6F708192A3B4C5D6E7 /* StateViews.swift */; };
		C9D8E7F6A5B4C3D2E1F00918 /* TodayPatientFlowTests.swift in Sources */ = {isa = PBXBuildFile; fileRef = D1E2F3A40516273849A5B6C7 /* TodayPatientFlowTests.swift */; };
		D0A1B2C3D4E5F60718293A4B /* DoseRecordDTO.swift in Sources */ = {isa = PBXBuildFile; fileRef = C1D2E3F405162738495A6B7C /* DoseRecordDTO.swift */; };
		E1F2A3B4C5D6E7F8091A2B3C /* PatientTodayView.swift in Sources */ = {isa = PBXBuildFile; fileRef = F1E2D3C4B5A6978877665544 /* PatientTodayView.swift */; };
		F0F1F2F3F4F5F6F7F8F9FAFB /* FullScreenContainer.swift in Sources */ = {isa = PBXBuildFile; fileRef = F0F1F2F3F4F5F6F7F8F9FAFC /* FullScreenContainer.swift */; };
		403B60DF0710DEE297E332E7 /* MedicationListViewModelTests.swift in Sources */ = {isa = PBXBuildFile; fileRef = EB55437B073B6E2D5D88F3AE /* MedicationListViewModelTests.swift */; };
		48CB1ABF9F105E0E095F3EA4 /* MedicationFormViewModelTests.swift in Sources */ = {isa = PBXBuildFile; fileRef = F793F0C9A8BBA67CA9C46326 /* MedicationFormViewModelTests.swift */; };
		4E5F60718293A4B5C6D7E8F9 /* Localizable.strings in Resources */ = {isa = PBXBuildFile; fileRef = 5F708192A3B4C5D6E7F8091A /* Localizable.strings */; };
		F1A2B3C4D5E6F708192A3B4C /* LaunchScreen.storyboard in Resources */ = {isa = PBXBuildFile; fileRef = F1A2B3C4D5E6F708192A3B4D /* LaunchScreen.storyboard */; };
		5DFE8FD36CAEB373DF8D79D7 /* MedicationFormValidationTests.swift in Sources */ = {isa = PBXBuildFile; fileRef = 1936DBB41CFB0907EE79DBF6 /* MedicationFormValidationTests.swift */; };
		60E08AF3CCF0AE7F4FB97E8B /* LinkingService.swift in Sources */ = {isa = PBXBuildFile; fileRef = 2F3B3EC234D1D71D44BC2C6E /* LinkingService.swift */; };
		7A8B9C0D1E2F3A4B5C6D7E8F /* PatientReadOnlyView.swift in Sources */ = {isa = PBXBuildFile; fileRef = 8F7E6D5C4B3A2F1E0D9C8B7A /* PatientReadOnlyView.swift */; };
		86383151B8A2885DF215EF2F /* LinkCodeEntryView.swift in Sources */ = {isa = PBXBuildFile; fileRef = EF25E0AC2E6F7B74E5AE6DD9 /* LinkCodeEntryView.swift */; };
		9AC12771713EEFB88AB180B2 /* MedicationApp.swift in Sources */ = {isa = PBXBuildFile; fileRef = 6422C8656A2A888B307E5A94 /* MedicationApp.swift */; };
		9CD32F9777E00CA402463257 /* MedicationFormViewModel.swift in Sources */ = {isa = PBXBuildFile; fileRef = 816F71313F426FE0A622F4B3 /* MedicationFormViewModel.swift */; };
		9E32A2665B38F39DF6691477 /* CaregiverLoginView.swift in Sources */ = {isa = PBXBuildFile; fileRef = 5EFC3080A97C8534B55D4B19 /* CaregiverLoginView.swift */; };
		A1B2C3D4E5F6A7B8C9D0E1F3 /* CaregiverAuthChoiceView.swift in Sources */ = {isa = PBXBuildFile; fileRef = A1B2C3D4E5F6A7B8C9D0E1F2 /* CaregiverAuthChoiceView.swift */; };
		A1B2C3D4E5F6A7B8C9D0E1F5 /* CaregiverSignupView.swift in Sources */ = {isa = PBXBuildFile; fileRef = A1B2C3D4E5F6A7B8C9D0E1F4 /* CaregiverSignupView.swift */; };
		A1B2C3D4E5F6A7B8C9D0E1F7 /* PatientManagementView.swift in Sources */ = {isa = PBXBuildFile; fileRef = A1B2C3D4E5F6A7B8C9D0E1F6 /* PatientManagementView.swift */; };
		A1B2C3D4E5F6A7B8C9D0E1F9 /* PatientCreateView.swift in Sources */ = {isa = PBXBuildFile; fileRef = A1B2C3D4E5F6A7B8C9D0E1F8 /* PatientCreateView.swift */; };
		A1B2C3D4E5F6A7B8C9D0E1FB /* PatientLinkCodeView.swift in Sources */ = {isa = PBXBuildFile; fileRef = A1B2C3D4E5F6A7B8C9D0E1FA /* PatientLinkCodeView.swift */; };
		A1B2C3D4E5F6A7B8C9D0E1FD /* PatientRevokeView.swift in Sources */ = {isa = PBXBuildFile; fileRef = A1B2C3D4E5F6A7B8C9D0E1FC /* PatientRevokeView.swift */; };
		A1B2C3D4E5F6A7B8C9D0E1FF /* CaregiverHomeView.swift in Sources */ = {isa = PBXBuildFile; fileRef = A1B2C3D4E5F6A7B8C9D0E1FE /* CaregiverHomeView.swift */; };
		A1B2C3D4E5F6A7B8C9D0E201 /* PatientDTO.swift in Sources */ = {isa = PBXBuildFile; fileRef = A1B2C3D4E5F6A7B8C9D0E200 /* PatientDTO.swift */; };
		A2B3C4D5E6F708192A3B4C5D /* SessionStoreTests.swift in Sources */ = {isa = PBXBuildFile; fileRef = A2B3C4D5E6F708192A3B4C5C /* SessionStoreTests.swift */; };
		A3B4C5D6E7F8091A2B3C4D5E /* PatientManagementViewModelTests.swift in Sources */ = {isa = PBXBuildFile; fileRef = A3B4C5D6E7F8091A2B3C4D5D /* PatientManagementViewModelTests.swift */; };
		C531B4EE2AF37C0A10FE41B1 /* RootView.swift in Sources */ = {isa = PBXBuildFile; fileRef = 0C5E58283CB0DE531C70CF9B /* RootView.swift */; };
		C6F26CAD5BC8841754DDEDEE /* SessionStore.swift in Sources */ = {isa = PBXBuildFile; fileRef = 55D848B099AC94BF91C18A12 /* SessionStore.swift */; };
		CC241D83091F75F9817D86C1 /* AuthService.swift in Sources */ = {isa = PBXBuildFile; fileRef = 10B347F8F660C4110482F537 /* AuthService.swift */; };
		D427E43F32FD2C23CA3BB00A /* MedicationListView.swift in Sources */ = {isa = PBXBuildFile; fileRef = EC08C3E7B359DD5774B5DAAA /* MedicationListView.swift */; };
		E865934EDE6E1079E23D6398 /* ModeSelectView.swift in Sources */ = {isa = PBXBuildFile; fileRef = 0ED0295C35ADCA8CCEB59000 /* ModeSelectView.swift */; };
/* End PBXBuildFile section */

/* Begin PBXContainerItemProxy section */
		F1E848AD283FFCB85A0335FF /* PBXContainerItemProxy */ = {
			isa = PBXContainerItemProxy;
			containerPortal = 066518086EFA98331F6FE21E /* Project object */;
			proxyType = 1;
			remoteGlobalIDString = 7B2B93319ECFF27D796B5E87;
			remoteInfo = MedicationApp;
		};
/* End PBXContainerItemProxy section */

/* Begin PBXFileReference section */
		0822331373D994BC40BCB45F /* MedicationFormView.swift */ = {isa = PBXFileReference; lastKnownFileType = sourcecode.swift; path = MedicationFormView.swift; sourceTree = "<group>"; };
		08D4DBCBF2CE5522633BB90C /* Info.plist */ = {isa = PBXFileReference; lastKnownFileType = text.plist; path = Info.plist; sourceTree = "<group>"; };
		F1A2B3C4D5E6F708192A3B4D /* LaunchScreen.storyboard */ = {isa = PBXFileReference; lastKnownFileType = file.storyboard; path = LaunchScreen.storyboard; sourceTree = "<group>"; };
		0C5E58283CB0DE531C70CF9B /* RootView.swift */ = {isa = PBXFileReference; lastKnownFileType = sourcecode.swift; path = RootView.swift; sourceTree = "<group>"; };
		0ED0295C35ADCA8CCEB59000 /* ModeSelectView.swift */ = {isa = PBXFileReference; lastKnownFileType = sourcecode.swift; path = ModeSelectView.swift; sourceTree = "<group>"; };
		10B347F8F660C4110482F537 /* AuthService.swift */ = {isa = PBXFileReference; lastKnownFileType = sourcecode.swift; path = AuthService.swift; sourceTree = "<group>"; };
		1936DBB41CFB0907EE79DBF6 /* MedicationFormValidationTests.swift */ = {isa = PBXFileReference; lastKnownFileType = sourcecode.swift; path = MedicationFormValidationTests.swift; sourceTree = "<group>"; };
		1B421542D92993BB7B79D9D3 /* APIError.swift */ = {isa = PBXFileReference; lastKnownFileType = sourcecode.swift; path = APIError.swift; sourceTree = "<group>"; };
		2B3C4D5E6F708192A3B4C5D6 /* MedicationDTO.swift */ = {isa = PBXFileReference; lastKnownFileType = sourcecode.swift; path = MedicationDTO.swift; sourceTree = "<group>"; };
		2F3B3EC234D1D71D44BC2C6E /* LinkingService.swift */ = {isa = PBXFileReference; lastKnownFileType = sourcecode.swift; path = LinkingService.swift; sourceTree = "<group>"; };
		30F0665AE9C17BFB7BD43D41 /* MedicationApp.app */ = {isa = PBXFileReference; explicitFileType = wrapper.application; includeInIndex = 0; path = MedicationApp.app; sourceTree = BUILT_PRODUCTS_DIR; };
		3C4D5E6F708192A3B4C5D6E7 /* StateViews.swift */ = {isa = PBXFileReference; lastKnownFileType = sourcecode.swift; path = StateViews.swift; sourceTree = "<group>"; };
		F0F1F2F3F4F5F6F7F8F9FAFC /* FullScreenContainer.swift */ = {isa = PBXFileReference; lastKnownFileType = sourcecode.swift; path = FullScreenContainer.swift; sourceTree = "<group>"; };
		B1C2D3E4F5061728394A5B6C /* PatientTodayViewModel.swift */ = {isa = PBXFileReference; lastKnownFileType = sourcecode.swift; path = PatientTodayViewModel.swift; sourceTree = "<group>"; };
		48D944249F964B12755FD2DF /* APIClient.swift */ = {isa = PBXFileReference; lastKnownFileType = sourcecode.swift; path = APIClient.swift; sourceTree = "<group>"; };
		55D848B099AC94BF91C18A12 /* SessionStore.swift */ = {isa = PBXFileReference; lastKnownFileType = sourcecode.swift; path = SessionStore.swift; sourceTree = "<group>"; };
		5EFC3080A97C8534B55D4B19 /* CaregiverLoginView.swift */ = {isa = PBXFileReference; lastKnownFileType = sourcecode.swift; path = CaregiverLoginView.swift; sourceTree = "<group>"; };
		5F708192A3B4C5D6E7F8091A /* Localizable.strings */ = {isa = PBXFileReference; lastKnownFileType = text.plist.strings; path = Localizable.strings; sourceTree = "<group>"; };
		6422C8656A2A888B307E5A94 /* MedicationApp.swift */ = {isa = PBXFileReference; lastKnownFileType = sourcecode.swift; path = MedicationApp.swift; sourceTree = "<group>"; };
		816F71313F426FE0A622F4B3 /* MedicationFormViewModel.swift */ = {isa = PBXFileReference; lastKnownFileType = sourcecode.swift; path = MedicationFormViewModel.swift; sourceTree = "<group>"; };
		8F7E6D5C4B3A2F1E0D9C8B7A /* PatientReadOnlyView.swift */ = {isa = PBXFileReference; lastKnownFileType = sourcecode.swift; path = PatientReadOnlyView.swift; sourceTree = "<group>"; };
		A1B2C3D4E5F6A7B8C9D0E1F2 /* CaregiverAuthChoiceView.swift */ = {isa = PBXFileReference; lastKnownFileType = sourcecode.swift; path = CaregiverAuthChoiceView.swift; sourceTree = "<group>"; };
		A1B2C3D4E5F6A7B8C9D0E1F4 /* CaregiverSignupView.swift */ = {isa = PBXFileReference; lastKnownFileType = sourcecode.swift; path = CaregiverSignupView.swift; sourceTree = "<group>"; };
		A1B2C3D4E5F6A7B8C9D0E1F6 /* PatientManagementView.swift */ = {isa = PBXFileReference; lastKnownFileType = sourcecode.swift; path = PatientManagementView.swift; sourceTree = "<group>"; };
		A1B2C3D4E5F6A7B8C9D0E1F8 /* PatientCreateView.swift */ = {isa = PBXFileReference; lastKnownFileType = sourcecode.swift; path = PatientCreateView.swift; sourceTree = "<group>"; };
		A1B2C3D4E5F6A7B8C9D0E1FA /* PatientLinkCodeView.swift */ = {isa = PBXFileReference; lastKnownFileType = sourcecode.swift; path = PatientLinkCodeView.swift; sourceTree = "<group>"; };
		A1B2C3D4E5F6A7B8C9D0E1FC /* PatientRevokeView.swift */ = {isa = PBXFileReference; lastKnownFileType = sourcecode.swift; path = PatientRevokeView.swift; sourceTree = "<group>"; };
		A1B2C3D4E5F6A7B8C9D0E1FE /* CaregiverHomeView.swift */ = {isa = PBXFileReference; lastKnownFileType = sourcecode.swift; path = CaregiverHomeView.swift; sourceTree = "<group>"; };
		A1B2C3D4E5F6A7B8C9D0E200 /* PatientDTO.swift */ = {isa = PBXFileReference; lastKnownFileType = sourcecode.swift; path = PatientDTO.swift; sourceTree = "<group>"; };
		A2B3C4D5E6F708192A3B4C5C /* SessionStoreTests.swift */ = {isa = PBXFileReference; lastKnownFileType = sourcecode.swift; path = SessionStoreTests.swift; sourceTree = "<group>"; };
		A3B4C5D6E7F8091A2B3C4D5D /* PatientManagementViewModelTests.swift */ = {isa = PBXFileReference; lastKnownFileType = sourcecode.swift; path = PatientManagementViewModelTests.swift; sourceTree = "<group>"; };
		B24EE1B2BF4DDDB26FB959AD /* MedicationAppTests.xctest */ = {isa = PBXFileReference; explicitFileType = wrapper.cfbundle; includeInIndex = 0; path = MedicationAppTests.xctest; sourceTree = BUILT_PRODUCTS_DIR; };
		B787856EA1456F50596935F0 /* Info.plist */ = {isa = PBXFileReference; lastKnownFileType = text.plist; path = Info.plist; sourceTree = "<group>"; };
		C1D2E3F405162738495A6B7C /* DoseRecordDTO.swift */ = {isa = PBXFileReference; lastKnownFileType = sourcecode.swift; path = DoseRecordDTO.swift; sourceTree = "<group>"; };
		D1E2F3A40516273849A5B6C7 /* TodayPatientFlowTests.swift */ = {isa = PBXFileReference; lastKnownFileType = sourcecode.swift; path = TodayPatientFlowTests.swift; sourceTree = "<group>"; };
		EB55437B073B6E2D5D88F3AE /* MedicationListViewModelTests.swift */ = {isa = PBXFileReference; lastKnownFileType = sourcecode.swift; path = MedicationListViewModelTests.swift; sourceTree = "<group>"; };
		EC08C3E7B359DD5774B5DAAA /* MedicationListView.swift */ = {isa = PBXFileReference; lastKnownFileType = sourcecode.swift; path = MedicationListView.swift; sourceTree = "<group>"; };
		EF25E0AC2E6F7B74E5AE6DD9 /* LinkCodeEntryView.swift */ = {isa = PBXFileReference; lastKnownFileType = sourcecode.swift; path = LinkCodeEntryView.swift; sourceTree = "<group>"; };
		F416FC7961AEE499FB0C7826 /* EmptyDTO.swift */ = {isa = PBXFileReference; lastKnownFileType = sourcecode.swift; path = EmptyDTO.swift; sourceTree = "<group>"; };
		F1E2D3C4B5A6978877665544 /* PatientTodayView.swift */ = {isa = PBXFileReference; lastKnownFileType = sourcecode.swift; path = PatientTodayView.swift; sourceTree = "<group>"; };
		F793F0C9A8BBA67CA9C46326 /* MedicationFormViewModelTests.swift */ = {isa = PBXFileReference; lastKnownFileType = sourcecode.swift; path = MedicationFormViewModelTests.swift; sourceTree = "<group>"; };
/* End PBXFileReference section */

/* Begin PBXGroup section */
		15841E214FB6CCFFB1B27151 /* App */ = {
			isa = PBXGroup;
			children = (
				B787856EA1456F50596935F0 /* Info.plist */,
				F1A2B3C4D5E6F708192A3B4D /* LaunchScreen.storyboard */,
				6422C8656A2A888B307E5A94 /* MedicationApp.swift */,
				0C5E58283CB0DE531C70CF9B /* RootView.swift */,
			);
			path = App;
			sourceTree = "<group>";
		};
		27B28F49BE53014BA49C37BC /* MedicationForm */ = {
			isa = PBXGroup;
			children = (
				0822331373D994BC40BCB45F /* MedicationFormView.swift */,
				816F71313F426FE0A622F4B3 /* MedicationFormViewModel.swift */,
			);
			path = MedicationForm;
			sourceTree = "<group>";
		};
		388F121B3382F1004EC82EBE /* DTOs */ = {
			isa = PBXGroup;
			children = (
				C1D2E3F405162738495A6B7C /* DoseRecordDTO.swift */,
				F416FC7961AEE499FB0C7826 /* EmptyDTO.swift */,
				2B3C4D5E6F708192A3B4C5D6 /* MedicationDTO.swift */,
				A1B2C3D4E5F6A7B8C9D0E200 /* PatientDTO.swift */,
			);
			path = DTOs;
			sourceTree = "<group>";
		};
		4D5E6F708192A3B4C5D6E7F8 /* Views */ = {
			isa = PBXGroup;
			children = (
				3C4D5E6F708192A3B4C5D6E7 /* StateViews.swift */,
				F0F1F2F3F4F5F6F7F8F9FAFC /* FullScreenContainer.swift */,
			);
			path = Views;
			sourceTree = "<group>";
		};
		4DAD4572D6388ED051EC7DBC /* Linking */ = {
			isa = PBXGroup;
			children = (
				EF25E0AC2E6F7B74E5AE6DD9 /* LinkCodeEntryView.swift */,
			);
			path = Linking;
			sourceTree = "<group>";
		};
		51DF18C771AD92BEAFDF21ED = {
			isa = PBXGroup;
			children = (
				15841E214FB6CCFFB1B27151 /* App */,
				E401E5B4AF7BC11FDD5F32B6 /* Features */,
				F50EAA427463168A9B653C17 /* Networking */,
				CFC6F2D9CD18F578EFD8E001 /* Services */,
				6A7B8C9D0E1F2A3B4C5D6E7F /* Resources */,
				F4EAFFFD8DD887721209EAAC /* Shared */,
				E3BBD46D74E5948FF9B26BF2 /* Tests */,
				B341C91B15A13777AFA409E8 /* Products */,
			);
			sourceTree = "<group>";
		};
		6A7B8C9D0E1F2A3B4C5D6E7F /* Resources */ = {
			isa = PBXGroup;
			children = (
				5F708192A3B4C5D6E7F8091A /* Localizable.strings */,
			);
			path = Resources;
			sourceTree = "<group>";
		};
		7C632D3DABFEBEC21887EB91 /* ModeSelect */ = {
			isa = PBXGroup;
			children = (
				0ED0295C35ADCA8CCEB59000 /* ModeSelectView.swift */,
			);
			path = ModeSelect;
			sourceTree = "<group>";
		};
		8B7C6D5E4F3A2B1C0D9E8F7A /* PatientReadOnly */ = {
			isa = PBXGroup;
			children = (
				8F7E6D5C4B3A2F1E0D9C8B7A /* PatientReadOnlyView.swift */,
			);
			path = PatientReadOnly;
			sourceTree = "<group>";
		};
		E2F3A4B5C6D7E8F9012A3B4C /* Today */ = {
			isa = PBXGroup;
			children = (
				F1E2D3C4B5A6978877665544 /* PatientTodayView.swift */,
				B1C2D3E4F5061728394A5B6C /* PatientTodayViewModel.swift */,
			);
			path = Today;
			sourceTree = "<group>";
		};
		A1B2C3D4E5F6A7B8C9D0E202 /* PatientManagement */ = {
			isa = PBXGroup;
			children = (
				A1B2C3D4E5F6A7B8C9D0E1FE /* CaregiverHomeView.swift */,
				A1B2C3D4E5F6A7B8C9D0E1F6 /* PatientManagementView.swift */,
				A1B2C3D4E5F6A7B8C9D0E1F8 /* PatientCreateView.swift */,
				A1B2C3D4E5F6A7B8C9D0E1FA /* PatientLinkCodeView.swift */,
				A1B2C3D4E5F6A7B8C9D0E1FC /* PatientRevokeView.swift */,
			);
			path = PatientManagement;
			sourceTree = "<group>";
		};
		B341C91B15A13777AFA409E8 /* Products */ = {
			isa = PBXGroup;
			children = (
				30F0665AE9C17BFB7BD43D41 /* MedicationApp.app */,
				B24EE1B2BF4DDDB26FB959AD /* MedicationAppTests.xctest */,
			);
			name = Products;
			sourceTree = "<group>";
		};
		C242C151CD5306FE53BA9275 /* MedicationList */ = {
			isa = PBXGroup;
			children = (
				EC08C3E7B359DD5774B5DAAA /* MedicationListView.swift */,
			);
			path = MedicationList;
			sourceTree = "<group>";
		};
		CFC6F2D9CD18F578EFD8E001 /* Services */ = {
			isa = PBXGroup;
			children = (
				10B347F8F660C4110482F537 /* AuthService.swift */,
				2F3B3EC234D1D71D44BC2C6E /* LinkingService.swift */,
			);
			path = Services;
			sourceTree = "<group>";
		};
		DDD6345900A1A06F62841CD8 /* Auth */ = {
			isa = PBXGroup;
			children = (
				A1B2C3D4E5F6A7B8C9D0E1F2 /* CaregiverAuthChoiceView.swift */,
				5EFC3080A97C8534B55D4B19 /* CaregiverLoginView.swift */,
				A1B2C3D4E5F6A7B8C9D0E1F4 /* CaregiverSignupView.swift */,
			);
			path = Auth;
			sourceTree = "<group>";
		};
		E3BBD46D74E5948FF9B26BF2 /* Tests */ = {
			isa = PBXGroup;
			children = (
				08D4DBCBF2CE5522633BB90C /* Info.plist */,
				1936DBB41CFB0907EE79DBF6 /* MedicationFormValidationTests.swift */,
				F793F0C9A8BBA67CA9C46326 /* MedicationFormViewModelTests.swift */,
				EB55437B073B6E2D5D88F3AE /* MedicationListViewModelTests.swift */,
				A2B3C4D5E6F708192A3B4C5C /* SessionStoreTests.swift */,
				A3B4C5D6E7F8091A2B3C4D5D /* PatientManagementViewModelTests.swift */,
				D1E2F3A40516273849A5B6C7 /* TodayPatientFlowTests.swift */,
			);
			path = Tests;
			sourceTree = "<group>";
		};
		E401E5B4AF7BC11FDD5F32B6 /* Features */ = {
			isa = PBXGroup;
			children = (
				DDD6345900A1A06F62841CD8 /* Auth */,
				4DAD4572D6388ED051EC7DBC /* Linking */,
				27B28F49BE53014BA49C37BC /* MedicationForm */,
				C242C151CD5306FE53BA9275 /* MedicationList */,
				7C632D3DABFEBEC21887EB91 /* ModeSelect */,
				A1B2C3D4E5F6A7B8C9D0E202 /* PatientManagement */,
				8B7C6D5E4F3A2B1C0D9E8F7A /* PatientReadOnly */,
				E2F3A4B5C6D7E8F9012A3B4C /* Today */,
			);
			path = Features;
			sourceTree = "<group>";
		};
		F4EAFFFD8DD887721209EAAC /* Shared */ = {
			isa = PBXGroup;
			children = (
				55D848B099AC94BF91C18A12 /* SessionStore.swift */,
				4D5E6F708192A3B4C5D6E7F8 /* Views */,
			);
			path = Shared;
			sourceTree = "<group>";
		};
		F50EAA427463168A9B653C17 /* Networking */ = {
			isa = PBXGroup;
			children = (
				48D944249F964B12755FD2DF /* APIClient.swift */,
				1B421542D92993BB7B79D9D3 /* APIError.swift */,
				388F121B3382F1004EC82EBE /* DTOs */,
			);
			path = Networking;
			sourceTree = "<group>";
		};
/* End PBXGroup section */

/* Begin PBXNativeTarget section */
		7B2B93319ECFF27D796B5E87 /* MedicationApp */ = {
			isa = PBXNativeTarget;
			buildConfigurationList = 23769F69F26A8559D65055DA /* Build configuration list for PBXNativeTarget "MedicationApp" */;
			buildPhases = (
				1DF30347F72939D9215DC176 /* Sources */,
				7F8E9D0C1B2A3D4E5F607182 /* Resources */,
			);
			buildRules = (
			);
			dependencies = (
			);
			name = MedicationApp;
			packageProductDependencies = (
			);
			productName = MedicationApp;
			productReference = 30F0665AE9C17BFB7BD43D41 /* MedicationApp.app */;
			productType = "com.apple.product-type.application";
		};
		F30C687D0A9785EF5763DBB2 /* MedicationAppTests */ = {
			isa = PBXNativeTarget;
			buildConfigurationList = D7CAF379485737FC41B53BF0 /* Build configuration list for PBXNativeTarget "MedicationAppTests" */;
			buildPhases = (
				F064BB41427AAEC7A46FF7C6 /* Sources */,
			);
			buildRules = (
			);
			dependencies = (
				AD4394A5EBA9D3516E1755DE /* PBXTargetDependency */,
			);
			name = MedicationAppTests;
			packageProductDependencies = (
			);
			productName = MedicationAppTests;
			productReference = B24EE1B2BF4DDDB26FB959AD /* MedicationAppTests.xctest */;
			productType = "com.apple.product-type.bundle.unit-test";
		};
/* End PBXNativeTarget section */

/* Begin PBXProject section */
		066518086EFA98331F6FE21E /* Project object */ = {
			isa = PBXProject;
			attributes = {
				BuildIndependentTargetsInParallel = YES;
				LastUpgradeCheck = 2620;
			};
			buildConfigurationList = F82C955E81F25ABB564A4F23 /* Build configuration list for PBXProject "MedicationApp" */;
			compatibilityVersion = "Xcode 14.0";
			developmentRegion = en;
			hasScannedForEncodings = 0;
			knownRegions = (
				Base,
				en,
			);
			mainGroup = 51DF18C771AD92BEAFDF21ED;
			minimizedProjectReferenceProxies = 1;
			projectDirPath = "";
			projectRoot = "";
			targets = (
				7B2B93319ECFF27D796B5E87 /* MedicationApp */,
				F30C687D0A9785EF5763DBB2 /* MedicationAppTests */,
			);
		};
/* End PBXProject section */

/* Begin PBXResourcesBuildPhase section */
		7F8E9D0C1B2A3D4E5F607182 /* Resources */ = {
			isa = PBXResourcesBuildPhase;
			buildActionMask = 2147483647;
			files = (
				4E5F60718293A4B5C6D7E8F9 /* Localizable.strings in Resources */,
				F1A2B3C4D5E6F708192A3B4C /* LaunchScreen.storyboard in Resources */,
			);
			runOnlyForDeploymentPostprocessing = 0;
		};
/* End PBXResourcesBuildPhase section */

/* Begin PBXSourcesBuildPhase section */
		1DF30347F72939D9215DC176 /* Sources */ = {
			isa = PBXSourcesBuildPhase;
			buildActionMask = 2147483647;
			files = (
				0E7183A7256CA67A2F98F040 /* APIClient.swift in Sources */,
				08F2E2D7265212F0DAEC48C8 /* APIError.swift in Sources */,
				A1B2C3D4E5F6A7B8C9D0E1F3 /* CaregiverAuthChoiceView.swift in Sources */,
				CC241D83091F75F9817D86C1 /* AuthService.swift in Sources */,
				9E32A2665B38F39DF6691477 /* CaregiverLoginView.swift in Sources */,
				A1B2C3D4E5F6A7B8C9D0E1F5 /* CaregiverSignupView.swift in Sources */,
				D0A1B2C3D4E5F60718293A4B /* DoseRecordDTO.swift in Sources */,
				291B6376A250F33FB5566E26 /* EmptyDTO.swift in Sources */,
				1C2D3E4F5A6B7C8D9E0F1A2B /* MedicationDTO.swift in Sources */,
				A1B2C3D4E5F6A7B8C9D0E201 /* PatientDTO.swift in Sources */,
				86383151B8A2885DF215EF2F /* LinkCodeEntryView.swift in Sources */,
				60E08AF3CCF0AE7F4FB97E8B /* LinkingService.swift in Sources */,
				9AC12771713EEFB88AB180B2 /* MedicationApp.swift in Sources */,
				07A122CD68554DEF139F0929 /* MedicationFormView.swift in Sources */,
				9CD32F9777E00CA402463257 /* MedicationFormViewModel.swift in Sources */,
				D427E43F32FD2C23CA3BB00A /* MedicationListView.swift in Sources */,
				E865934EDE6E1079E23D6398 /* ModeSelectView.swift in Sources */,
				A1B2C3D4E5F6A7B8C9D0E1FF /* CaregiverHomeView.swift in Sources */,
				A1B2C3D4E5F6A7B8C9D0E1F7 /* PatientManagementView.swift in Sources */,
				A1B2C3D4E5F6A7B8C9D0E1F9 /* PatientCreateView.swift in Sources */,
				A1B2C3D4E5F6A7B8C9D0E1FB /* PatientLinkCodeView.swift in Sources */,
				A1B2C3D4E5F6A7B8C9D0E1FD /* PatientRevokeView.swift in Sources */,
				E1F2A3B4C5D6E7F8091A2B3C /* PatientTodayView.swift in Sources */,
				A9B8C7D6E5F4031223344556 /* PatientTodayViewModel.swift in Sources */,
				7A8B9C0D1E2F3A4B5C6D7E8F /* PatientReadOnlyView.swift in Sources */,
				C531B4EE2AF37C0A10FE41B1 /* RootView.swift in Sources */,
				C6F26CAD5BC8841754DDEDEE /* SessionStore.swift in Sources */,
				2D3E4F5A6B7C8D9E0F1A2B3C /* StateViews.swift in Sources */,
				F0F1F2F3F4F5F6F7F8F9FAFB /* FullScreenContainer.swift in Sources */,
			);
			runOnlyForDeploymentPostprocessing = 0;
		};
		F064BB41427AAEC7A46FF7C6 /* Sources */ = {
			isa = PBXSourcesBuildPhase;
			buildActionMask = 2147483647;
			files = (
				5DFE8FD36CAEB373DF8D79D7 /* MedicationFormValidationTests.swift in Sources */,
				48CB1ABF9F105E0E095F3EA4 /* MedicationFormViewModelTests.swift in Sources */,
				403B60DF0710DEE297E332E7 /* MedicationListViewModelTests.swift in Sources */,
				A2B3C4D5E6F708192A3B4C5D /* SessionStoreTests.swift in Sources */,
				A3B4C5D6E7F8091A2B3C4D5E /* PatientManagementViewModelTests.swift in Sources */,
				C9D8E7F6A5B4C3D2E1F00918 /* TodayPatientFlowTests.swift in Sources */,
			);
			runOnlyForDeploymentPostprocessing = 0;
		};
/* End PBXSourcesBuildPhase section */

/* Begin PBXTargetDependency section */
		AD4394A5EBA9D3516E1755DE /* PBXTargetDependency */ = {
			isa = PBXTargetDependency;
			target = 7B2B93319ECFF27D796B5E87 /* MedicationApp */;
			targetProxy = F1E848AD283FFCB85A0335FF /* PBXContainerItemProxy */;
		};
/* End PBXTargetDependency section */

/* Begin XCBuildConfiguration section */
		1B0BB5E8F7A558BA780DA75C /* Release */ = {
			isa = XCBuildConfiguration;
			buildSettings = {
				ALWAYS_SEARCH_USER_PATHS = NO;
				CLANG_ANALYZER_NONNULL = YES;
				CLANG_ANALYZER_NUMBER_OBJECT_CONVERSION = YES_AGGRESSIVE;
				CLANG_CXX_LANGUAGE_STANDARD = "gnu++14";
				CLANG_CXX_LIBRARY = "libc++";
				CLANG_ENABLE_MODULES = YES;
				CLANG_ENABLE_OBJC_ARC = YES;
				CLANG_ENABLE_OBJC_WEAK = YES;
				CLANG_WARN_BLOCK_CAPTURE_AUTORELEASING = YES;
				CLANG_WARN_BOOL_CONVERSION = YES;
				CLANG_WARN_COMMA = YES;
				CLANG_WARN_CONSTANT_CONVERSION = YES;
				CLANG_WARN_DEPRECATED_OBJC_IMPLEMENTATIONS = YES;
				CLANG_WARN_DIRECT_OBJC_ISA_USAGE = YES_ERROR;
				CLANG_WARN_DOCUMENTATION_COMMENTS = YES;
				CLANG_WARN_EMPTY_BODY = YES;
				CLANG_WARN_ENUM_CONVERSION = YES;
				CLANG_WARN_INFINITE_RECURSION = YES;
				CLANG_WARN_INT_CONVERSION = YES;
				CLANG_WARN_NON_LITERAL_NULL_CONVERSION = YES;
				CLANG_WARN_OBJC_IMPLICIT_RETAIN_SELF = YES;
				CLANG_WARN_OBJC_LITERAL_CONVERSION = YES;
				CLANG_WARN_OBJC_ROOT_CLASS = YES_ERROR;
				CLANG_WARN_QUOTED_INCLUDE_IN_FRAMEWORK_HEADER = YES;
				CLANG_WARN_RANGE_LOOP_ANALYSIS = YES;
				CLANG_WARN_STRICT_PROTOTYPES = YES;
				CLANG_WARN_SUSPICIOUS_MOVE = YES;
				CLANG_WARN_UNGUARDED_AVAILABILITY = YES_AGGRESSIVE;
				CLANG_WARN_UNREACHABLE_CODE = YES;
				CLANG_WARN__DUPLICATE_METHOD_MATCH = YES;
				COPY_PHASE_STRIP = NO;
				DEBUG_INFORMATION_FORMAT = "dwarf-with-dsym";
				ENABLE_NS_ASSERTIONS = NO;
				ENABLE_STRICT_OBJC_MSGSEND = YES;
				ENABLE_USER_SCRIPT_SANDBOXING = YES;
				GCC_C_LANGUAGE_STANDARD = gnu11;
				GCC_NO_COMMON_BLOCKS = YES;
				GCC_WARN_64_TO_32_BIT_CONVERSION = YES;
				GCC_WARN_ABOUT_RETURN_TYPE = YES_ERROR;
				GCC_WARN_UNDECLARED_SELECTOR = YES;
				GCC_WARN_UNINITIALIZED_AUTOS = YES_AGGRESSIVE;
				GCC_WARN_UNUSED_FUNCTION = YES;
				GCC_WARN_UNUSED_VARIABLE = YES;
				IPHONEOS_DEPLOYMENT_TARGET = 17.0;
				MTL_ENABLE_DEBUG_INFO = NO;
				MTL_FAST_MATH = YES;
				PRODUCT_NAME = "$(TARGET_NAME)";
				SDKROOT = iphoneos;
				STRING_CATALOG_GENERATE_SYMBOLS = YES;
				SWIFT_COMPILATION_MODE = wholemodule;
				SWIFT_OPTIMIZATION_LEVEL = "-O";
				SWIFT_VERSION = 5.9;
			};
			name = Release;
		};
		28580ACF55DCBABB8689762A /* Debug */ = {
			isa = XCBuildConfiguration;
			buildSettings = {
				ASSETCATALOG_COMPILER_APPICON_NAME = AppIcon;
				CODE_SIGN_IDENTITY = "iPhone Developer";
				CURRENT_PROJECT_VERSION = 1;
				DEVELOPMENT_TEAM = QSZR732YXD;
				INFOPLIST_FILE = App/Info.plist;
				LD_RUNPATH_SEARCH_PATHS = (
					"$(inherited)",
					"@executable_path/Frameworks",
				);
				MARKETING_VERSION = 0.1.0;
				PRODUCT_BUNDLE_IDENTIFIER = "com.example.medicationapp-v3";
				SDKROOT = iphoneos;
				TARGETED_DEVICE_FAMILY = "1,2";
			};
			name = Debug;
		};
		5F82D5701B42F91121D533A8 /* Debug */ = {
			isa = XCBuildConfiguration;
			buildSettings = {
				ALWAYS_SEARCH_USER_PATHS = NO;
				CLANG_ANALYZER_NONNULL = YES;
				CLANG_ANALYZER_NUMBER_OBJECT_CONVERSION = YES_AGGRESSIVE;
				CLANG_CXX_LANGUAGE_STANDARD = "gnu++14";
				CLANG_CXX_LIBRARY = "libc++";
				CLANG_ENABLE_MODULES = YES;
				CLANG_ENABLE_OBJC_ARC = YES;
				CLANG_ENABLE_OBJC_WEAK = YES;
				CLANG_WARN_BLOCK_CAPTURE_AUTORELEASING = YES;
				CLANG_WARN_BOOL_CONVERSION = YES;
				CLANG_WARN_COMMA = YES;
				CLANG_WARN_CONSTANT_CONVERSION = YES;
				CLANG_WARN_DEPRECATED_OBJC_IMPLEMENTATIONS = YES;
				CLANG_WARN_DIRECT_OBJC_ISA_USAGE = YES_ERROR;
				CLANG_WARN_DOCUMENTATION_COMMENTS = YES;
				CLANG_WARN_EMPTY_BODY = YES;
				CLANG_WARN_ENUM_CONVERSION = YES;
				CLANG_WARN_INFINITE_RECURSION = YES;
				CLANG_WARN_INT_CONVERSION = YES;
				CLANG_WARN_NON_LITERAL_NULL_CONVERSION = YES;
				CLANG_WARN_OBJC_IMPLICIT_RETAIN_SELF = YES;
				CLANG_WARN_OBJC_LITERAL_CONVERSION = YES;
				CLANG_WARN_OBJC_ROOT_CLASS = YES_ERROR;
				CLANG_WARN_QUOTED_INCLUDE_IN_FRAMEWORK_HEADER = YES;
				CLANG_WARN_RANGE_LOOP_ANALYSIS = YES;
				CLANG_WARN_STRICT_PROTOTYPES = YES;
				CLANG_WARN_SUSPICIOUS_MOVE = YES;
				CLANG_WARN_UNGUARDED_AVAILABILITY = YES_AGGRESSIVE;
				CLANG_WARN_UNREACHABLE_CODE = YES;
				CLANG_WARN__DUPLICATE_METHOD_MATCH = YES;
				COPY_PHASE_STRIP = NO;
				DEBUG_INFORMATION_FORMAT = dwarf;
				ENABLE_STRICT_OBJC_MSGSEND = YES;
				ENABLE_TESTABILITY = YES;
				ENABLE_USER_SCRIPT_SANDBOXING = YES;
				GCC_C_LANGUAGE_STANDARD = gnu11;
				GCC_DYNAMIC_NO_PIC = NO;
				GCC_NO_COMMON_BLOCKS = YES;
				GCC_OPTIMIZATION_LEVEL = 0;
				GCC_PREPROCESSOR_DEFINITIONS = (
					"$(inherited)",
					"DEBUG=1",
				);
				GCC_WARN_64_TO_32_BIT_CONVERSION = YES;
				GCC_WARN_ABOUT_RETURN_TYPE = YES_ERROR;
				GCC_WARN_UNDECLARED_SELECTOR = YES;
				GCC_WARN_UNINITIALIZED_AUTOS = YES_AGGRESSIVE;
				GCC_WARN_UNUSED_FUNCTION = YES;
				GCC_WARN_UNUSED_VARIABLE = YES;
				IPHONEOS_DEPLOYMENT_TARGET = 17.0;
				MTL_ENABLE_DEBUG_INFO = INCLUDE_SOURCE;
				MTL_FAST_MATH = YES;
				ONLY_ACTIVE_ARCH = YES;
				PRODUCT_NAME = "$(TARGET_NAME)";
				SDKROOT = iphoneos;
				STRING_CATALOG_GENERATE_SYMBOLS = YES;
				SWIFT_ACTIVE_COMPILATION_CONDITIONS = DEBUG;
				SWIFT_OPTIMIZATION_LEVEL = "-Onone";
				SWIFT_VERSION = 5.9;
			};
			name = Debug;
		};
		73EEEBA6146A85D0E89A9373 /* Debug */ = {
			isa = XCBuildConfiguration;
			buildSettings = {
				BUNDLE_LOADER = "$(TEST_HOST)";
				INFOPLIST_FILE = Tests/Info.plist;
				LD_RUNPATH_SEARCH_PATHS = (
					"$(inherited)",
					"@executable_path/Frameworks",
					"@loader_path/Frameworks",
				);
				PRODUCT_BUNDLE_IDENTIFIER = com.example.MedicationAppTests;
				SDKROOT = iphoneos;
				TARGETED_DEVICE_FAMILY = "1,2";
				TEST_HOST = "$(BUILT_PRODUCTS_DIR)/MedicationApp.app/MedicationApp";
			};
			name = Debug;
		};
		908FC765D800103CFD7FA9A5 /* Release */ = {
			isa = XCBuildConfiguration;
			buildSettings = {
				BUNDLE_LOADER = "$(TEST_HOST)";
				INFOPLIST_FILE = Tests/Info.plist;
				LD_RUNPATH_SEARCH_PATHS = (
					"$(inherited)",
					"@executable_path/Frameworks",
					"@loader_path/Frameworks",
				);
				PRODUCT_BUNDLE_IDENTIFIER = com.example.MedicationAppTests;
				SDKROOT = iphoneos;
				TARGETED_DEVICE_FAMILY = "1,2";
				TEST_HOST = "$(BUILT_PRODUCTS_DIR)/MedicationApp.app/MedicationApp";
			};
			name = Release;
		};
		F90680DEE1E158905D7A4593 /* Release */ = {
			isa = XCBuildConfiguration;
			buildSettings = {
				ASSETCATALOG_COMPILER_APPICON_NAME = AppIcon;
				CODE_SIGN_IDENTITY = "iPhone Developer";
				CURRENT_PROJECT_VERSION = 1;
				DEVELOPMENT_TEAM = QSZR732YXD;
				INFOPLIST_FILE = App/Info.plist;
				LD_RUNPATH_SEARCH_PATHS = (
					"$(inherited)",
					"@executable_path/Frameworks",
				);
				MARKETING_VERSION = 0.1.0;
				PRODUCT_BUNDLE_IDENTIFIER = "com.example.medicationapp-v3";
				SDKROOT = iphoneos;
				TARGETED_DEVICE_FAMILY = "1,2";
			};
			name = Release;
		};
/* End XCBuildConfiguration section */

/* Begin XCConfigurationList section */
		23769F69F26A8559D65055DA /* Build configuration list for PBXNativeTarget "MedicationApp" */ = {
			isa = XCConfigurationList;
			buildConfigurations = (
				28580ACF55DCBABB8689762A /* Debug */,
				F90680DEE1E158905D7A4593 /* Release */,
			);
			defaultConfigurationIsVisible = 0;
			defaultConfigurationName = Debug;
		};
		D7CAF379485737FC41B53BF0 /* Build configuration list for PBXNativeTarget "MedicationAppTests" */ = {
			isa = XCConfigurationList;
			buildConfigurations = (
				73EEEBA6146A85D0E89A9373 /* Debug */,
				908FC765D800103CFD7FA9A5 /* Release */,
			);
			defaultConfigurationIsVisible = 0;
			defaultConfigurationName = Debug;
		};
		F82C955E81F25ABB564A4F23 /* Build configuration list for PBXProject "MedicationApp" */ = {
			isa = XCConfigurationList;
			buildConfigurations = (
				5F82D5701B42F91121D533A8 /* Debug */,
				1B0BB5E8F7A558BA780DA75C /* Release */,
			);
			defaultConfigurationIsVisible = 0;
			defaultConfigurationName = Debug;
		};
/* End XCConfigurationList section */
	};
	rootObject = 066518086EFA98331F6FE21E /* Project object */;
}
