// !$*UTF8*$!
{
	archiveVersion = 1;
	classes = {
	};
	objectVersion = 77;
	objects = {

/* Begin PBXBuildFile section */
		04A1659CD708BD4BC325B689 /* CaregiverPushSettingsViewModel.swift in Sources */ = {isa = PBXBuildFile; fileRef = F6808926C907021D832EC1D0 /* CaregiverPushSettingsViewModel.swift */; };
		05C70966A8D666FC54CBCBC5 /* PatientNoBillingUITests.swift in Sources */ = {isa = PBXBuildFile; fileRef = F40BEBB24DA70264EB106FD4 /* PatientNoBillingUITests.swift */; };
		07A122CD68554DEF139F0929 /* MedicationFormView.swift in Sources */ = {isa = PBXBuildFile; fileRef = 0822331373D994BC40BCB45F /* MedicationFormView.swift */; };
		08F2E2D7265212F0DAEC48C8 /* APIError.swift in Sources */ = {isa = PBXBuildFile; fileRef = 1B421542D92993BB7B79D9D3 /* APIError.swift */; };
		0BE25CB60B085ADA81C99A63 /* Products.storekit in Resources */ = {isa = PBXBuildFile; fileRef = 9B64AF7EE295BBF73C74DC54 /* Products.storekit */; };
		0C743631749D3703ECF117C7 /* PrnOverlayUiTests.swift in Sources */ = {isa = PBXBuildFile; fileRef = 59803E8F1DB8D7C07E6285E5 /* PrnOverlayUiTests.swift */; };
		0D5ECB5EDCE89C6243561201 /* LaunchScreen.storyboard in Resources */ = {isa = PBXBuildFile; fileRef = C14C533AD6E811851375D3BA /* LaunchScreen.storyboard */; };
		0E7183A7256CA67A2F98F040 /* APIClient.swift in Sources */ = {isa = PBXBuildFile; fileRef = 48D944249F964B12755FD2DF /* APIClient.swift */; };
		0F4FB82A94528ACED5A8531C /* SplashView.swift in Sources */ = {isa = PBXBuildFile; fileRef = 147DEFCBB105644FFF683E3A /* SplashView.swift */; };
		14FE6A44BCB6351FD553532D /* HistoryDTO.swift in Sources */ = {isa = PBXBuildFile; fileRef = 94643C1CA7FC56CD9674234A /* HistoryDTO.swift */; };
		15B585257945D86F53307989 /* PrnConfirmTests.swift in Sources */ = {isa = PBXBuildFile; fileRef = 2F14389A25B5B1AFDD3C4518 /* PrnConfirmTests.swift */; };
		173F340EC95041C491379106 /* InventoryDetailView.swift in Sources */ = {isa = PBXBuildFile; fileRef = 071D9CAF62C18AC6DDC887BD /* InventoryDetailView.swift */; };
		19BD9678882E1E87704A8A4C /* PDFExportButton.swift in Sources */ = {isa = PBXBuildFile; fileRef = DAB4A7982EF513DD066ACCFD /* PDFExportButton.swift */; };
		1B0FA4537B34C4ACA955D160 /* NotificationPlanBuilderTests.swift in Sources */ = {isa = PBXBuildFile; fileRef = 6F3910BD2D33F5348FBDDEEC /* NotificationPlanBuilderTests.swift */; };
		1D9B75FDE4F5917C04821393 /* NotificationPlanBuilder.swift in Sources */ = {isa = PBXBuildFile; fileRef = A0553302E054BBF130267A11 /* NotificationPlanBuilder.swift */; };
		1E22E1419C6A3C99AD170461 /* CaregiverSignupView.swift in Sources */ = {isa = PBXBuildFile; fileRef = 67DB89D6E699DF066387CC24 /* CaregiverSignupView.swift */; };
		2154EC8A48517F04C81C994E /* NotificationScheduler.swift in Sources */ = {isa = PBXBuildFile; fileRef = 9175FA959FB3561933F5F2EC /* NotificationScheduler.swift */; };
		21BC06B460AED29924F85D70 /* PDFGenerator.swift in Sources */ = {isa = PBXBuildFile; fileRef = 89294417BFFE97416FFE1361 /* PDFGenerator.swift */; };
		223BB87103691943BF0BAC56 /* SlotCardRenderingTests.swift in Sources */ = {isa = PBXBuildFile; fileRef = DE96F6150C049AA64E9847D1 /* SlotCardRenderingTests.swift */; };
		231E768D2ED6D37CF69F64AF /* PatientManagementView.swift in Sources */ = {isa = PBXBuildFile; fileRef = E9E12BCBB71264FF90ADD7F7 /* PatientManagementView.swift */; };
		23FFCAA44F470CD064E103FC /* InventoryEmptyStateUITests.swift in Sources */ = {isa = PBXBuildFile; fileRef = 3D04923965D53D9B61AF9C20 /* InventoryEmptyStateUITests.swift */; };
		291B6376A250F33FB5566E26 /* EmptyDTO.swift in Sources */ = {isa = PBXBuildFile; fileRef = F416FC7961AEE499FB0C7826 /* EmptyDTO.swift */; };
		292DEDE97BAB04DA0FD71665 /* CaregiverHistoryView.swift in Sources */ = {isa = PBXBuildFile; fileRef = 2E622F067BAC7E3083CFB39A /* CaregiverHistoryView.swift */; };
		2931FB618244BB1F116DC12A /* PDFExportUITests.swift in Sources */ = {isa = PBXBuildFile; fileRef = 4C0E5524A7BCCD5B718738F0 /* PDFExportUITests.swift */; };
		33BD2CB7F75CD2EBC7AEDFA6 /* PrnDoseRecordDTO.swift in Sources */ = {isa = PBXBuildFile; fileRef = 23B9650C57D5CF2A1CC524ED /* PrnDoseRecordDTO.swift */; };
		34D5BC6EC9144D274A5234CB /* CaregiverPushSettingsTests.swift in Sources */ = {isa = PBXBuildFile; fileRef = D99651621C933E0B2FDC5AB5 /* CaregiverPushSettingsTests.swift */; };
		384FCBE5554E1F466CF09010 /* CaregiverHomeView.swift in Sources */ = {isa = PBXBuildFile; fileRef = 4699C39F07E258727176FCAE /* CaregiverHomeView.swift */; };
		3CBD461BAAD1813E71A0BE0F /* FullScreenContainer.swift in Sources */ = {isa = PBXBuildFile; fileRef = 1F15D54BA84F66FF4EAD48C3 /* FullScreenContainer.swift */; };
		3F51C80C88632AC450E9771A /* Assets.xcassets in Resources */ = {isa = PBXBuildFile; fileRef = 80D730F32C311FB27644CE69 /* Assets.xcassets */; };
		403B60DF0710DEE297E332E7 /* MedicationListViewModelTests.swift in Sources */ = {isa = PBXBuildFile; fileRef = EB55437B073B6E2D5D88F3AE /* MedicationListViewModelTests.swift */; };
		438A0C58BB3A66C97036BD1D /* GlobalBannerPresenter.swift in Sources */ = {isa = PBXBuildFile; fileRef = 606A82E13154E5DB1B47B981 /* GlobalBannerPresenter.swift */; };
		449BC70138C5324A8A8DCA3A /* HistoryRetentionLockView.swift in Sources */ = {isa = PBXBuildFile; fileRef = 01D43997A9913A554CA15C41 /* HistoryRetentionLockView.swift */; };
		462DE5559B9EA777DC2697EC /* DoseRecordDTO.swift in Sources */ = {isa = PBXBuildFile; fileRef = 678945D795A346CA7EB08C5F /* DoseRecordDTO.swift */; };
		48CB1ABF9F105E0E095F3EA4 /* MedicationFormViewModelTests.swift in Sources */ = {isa = PBXBuildFile; fileRef = F793F0C9A8BBA67CA9C46326 /* MedicationFormViewModelTests.swift */; };
		4C61DCB405E3ED7065950C8C /* SchedulingRefreshCoordinator.swift in Sources */ = {isa = PBXBuildFile; fileRef = 7DCBDC43794CD9B567EE94CB /* SchedulingRefreshCoordinator.swift */; };
		4F526488F12A24E98DF6A584 /* NotificationSettingsTests.swift in Sources */ = {isa = PBXBuildFile; fileRef = BE09CCA2A275B0AA41324F09 /* NotificationSettingsTests.swift */; };
		548B7EC3C9577EA879E95B8B /* CaregiverSessionController.swift in Sources */ = {isa = PBXBuildFile; fileRef = 559F7D05EAC2932241E20F4E /* CaregiverSessionController.swift */; };
		592951FFB17246BCDE0947BC /* NotificationPermissionManager.swift in Sources */ = {isa = PBXBuildFile; fileRef = 721F43D1AEC682D6A39D47D3 /* NotificationPermissionManager.swift */; };
		5DFE8FD36CAEB373DF8D79D7 /* MedicationFormValidationTests.swift in Sources */ = {isa = PBXBuildFile; fileRef = 1936DBB41CFB0907EE79DBF6 /* MedicationFormValidationTests.swift */; };
		60E08AF3CCF0AE7F4FB97E8B /* LinkingService.swift in Sources */ = {isa = PBXBuildFile; fileRef = 2F3B3EC234D1D71D44BC2C6E /* LinkingService.swift */; };
		65386D4F7C7CB8FED577D70A /* AppConstants.swift in Sources */ = {isa = PBXBuildFile; fileRef = DB301A66DEAEF3BCF639C5DD /* AppConstants.swift */; };
		6583A91716196398494F8428 /* PDFExportLockView.swift in Sources */ = {isa = PBXBuildFile; fileRef = 4A0372B9826CB3D2831F8FF0 /* PDFExportLockView.swift */; };
		6794A9A7DBD3DF5D50FD74F2 /* InventoryOverlayUITests.swift in Sources */ = {isa = PBXBuildFile; fileRef = 1C19CDEC56393186801A875F /* InventoryOverlayUITests.swift */; };
		693B59F82501F97112D49167 /* CaregiverTodayView.swift in Sources */ = {isa = PBXBuildFile; fileRef = 4F1B1CE3A0835AA4C3DF9464 /* CaregiverTodayView.swift */; };
		69F70E3ACDD8576579F8AD0E /* Localizable.strings in Resources */ = {isa = PBXBuildFile; fileRef = CE69B91B4906C7A17F081989 /* Localizable.strings */; };
		6B2913B8EC71E419A1BA40CA /* EntitlementStore.swift in Sources */ = {isa = PBXBuildFile; fileRef = 49308687EE15C8BF1B4BE6B0 /* EntitlementStore.swift */; };
		6D4F50BB193E26F6AAE21092 /* InventoryEmptyStateView.swift in Sources */ = {isa = PBXBuildFile; fileRef = D28A063A709CA9505F5504F9 /* InventoryEmptyStateView.swift */; };
		6F09CF04BF188B5161EA6460 /* NotificationDeepLinkRouter.swift in Sources */ = {isa = PBXBuildFile; fileRef = 44343B10C54EC3AF03A290E5 /* NotificationDeepLinkRouter.swift */; };
		6FA4E4F3D21715CF71391418 /* PaywallView.swift in Sources */ = {isa = PBXBuildFile; fileRef = D9D1D0F4F880D14BFC56972A /* PaywallView.swift */; };
		736A57035E5FAB697D158DD0 /* StateViews.swift in Sources */ = {isa = PBXBuildFile; fileRef = 53F3D10B0283F083999CFCEF /* StateViews.swift */; };
		73D859E7021BCA0DE1A38356 /* NotificationPreferencesStore.swift in Sources */ = {isa = PBXBuildFile; fileRef = 0E5797509D584B7B93F402B4 /* NotificationPreferencesStore.swift */; };
		75545D2CC4BE7F58C85D198D /* PatientRevokeView.swift in Sources */ = {isa = PBXBuildFile; fileRef = 2780958AD32B86D5FD3254D8 /* PatientRevokeView.swift */; };
		75E9F2A01627779530212DA5 /* PatientReadOnlyView.swift in Sources */ = {isa = PBXBuildFile; fileRef = F65CEF9BC60A7F91DB1ACCE1 /* PatientReadOnlyView.swift */; };
		79086DA5E28FA9AC4F1444B5 /* RangeValidationTests.swift in Sources */ = {isa = PBXBuildFile; fileRef = 927B3F96F63C7CE6B21DF755 /* RangeValidationTests.swift */; };
		7B0FD402EE6904E0150BE8C7 /* NotificationSettingsUITests.swift in Sources */ = {isa = PBXBuildFile; fileRef = 1C1282AECEDEEF05EC919DE4 /* NotificationSettingsUITests.swift */; };
		7DAC14085E8DD8685FC3355D /* PeriodPresetTests.swift in Sources */ = {isa = PBXBuildFile; fileRef = F07AACBD56A6C13AC55D9B94 /* PeriodPresetTests.swift */; };
		7DD888501B1F1424D2E6F888 /* SlotBulkRecordUITests.swift in Sources */ = {isa = PBXBuildFile; fileRef = 12684A1F8BC610867585DA97 /* SlotBulkRecordUITests.swift */; };
		7DF3566583CE87FD843DC3D3 /* PatientCreateView.swift in Sources */ = {isa = PBXBuildFile; fileRef = 6170CD781DA4ADA047089FA3 /* PatientCreateView.swift */; };
		7E2A8438C8648B75FC37420F /* PDFExportPatientTests.swift in Sources */ = {isa = PBXBuildFile; fileRef = 8683B928A50870EAD3A284BB /* PDFExportPatientTests.swift */; };
		82A0A96BAE16821A52B0B585 /* PatientManagementViewModelTests.swift in Sources */ = {isa = PBXBuildFile; fileRef = 7A42ADC235670AD205259290 /* PatientManagementViewModelTests.swift */; };
		831DFECBC7CBCAE01A5B9BD4 /* GoogleService-Info.plist in Resources */ = {isa = PBXBuildFile; fileRef = 0ADC71538D8DF72EFC22926F /* GoogleService-Info.plist */; };
		84C46FCCBDF4B193016215A2 /* PaywallUITests.swift in Sources */ = {isa = PBXBuildFile; fileRef = BCC18253215BD74074A8CB36 /* PaywallUITests.swift */; };
		86383151B8A2885DF215EF2F /* LinkCodeEntryView.swift in Sources */ = {isa = PBXBuildFile; fileRef = EF25E0AC2E6F7B74E5AE6DD9 /* LinkCodeEntryView.swift */; };
		8961919C4BD866DB7FF627B8 /* NotificationSchedulerTests.swift in Sources */ = {isa = PBXBuildFile; fileRef = 2E594C35EA698D01A962CE27 /* NotificationSchedulerTests.swift */; };
		8BBD6605998DF41AC1BD1B51 /* CaregiverTodayViewModel.swift in Sources */ = {isa = PBXBuildFile; fileRef = C9B95C565516F1191D20C297 /* CaregiverTodayViewModel.swift */; };
		9240F934ABC46934E2A976A4 /* PatientTodayViewModel.swift in Sources */ = {isa = PBXBuildFile; fileRef = BC838D43F2A137E7A3B47E88 /* PatientTodayViewModel.swift */; };
		9294808D59A7EBB3A7260373 /* SessionStoreTests.swift in Sources */ = {isa = PBXBuildFile; fileRef = C478A1F0A87BA5A6933C496E /* SessionStoreTests.swift */; };
		9315A5D0E9689A9AD2EED834 /* TodayCaregiverFlowTests.swift in Sources */ = {isa = PBXBuildFile; fileRef = 0CEC8F0CD10FAA9C276E6B82 /* TodayCaregiverFlowTests.swift */; };
		95FD7BBD4A4B4283D865AC33 /* CaregiverPushUITests.swift in Sources */ = {isa = PBXBuildFile; fileRef = 0AF6AFD1B47BE0E49B16EFD8 /* CaregiverPushUITests.swift */; };
		966D7F4172E2FA7DCF79008F /* PeriodPickerViewModel.swift in Sources */ = {isa = PBXBuildFile; fileRef = ABD7675083AAF91936829813 /* PeriodPickerViewModel.swift */; };
		99577734807B7EA60CCA2553 /* CaregiverSettingsView.swift in Sources */ = {isa = PBXBuildFile; fileRef = C084FA5333D8A7F1BF0CC274 /* CaregiverSettingsView.swift */; };
		997DD9BA465D9BF5854F43E5 /* CaregiverBannerUITests.swift in Sources */ = {isa = PBXBuildFile; fileRef = 2E02C37A6DD54B4D396E3BF1 /* CaregiverBannerUITests.swift */; };
		99C00580D1C7031D0250D81F /* CaregiverAuthChoiceView.swift in Sources */ = {isa = PBXBuildFile; fileRef = AC0B3D46C84BDF4988FAD45A /* CaregiverAuthChoiceView.swift */; };
		9AC12771713EEFB88AB180B2 /* MedicationApp.swift in Sources */ = {isa = PBXBuildFile; fileRef = 6422C8656A2A888B307E5A94 /* MedicationApp.swift */; };
		9BDBE28767029C5017FDA414 /* SchedulingRefreshOverlay.swift in Sources */ = {isa = PBXBuildFile; fileRef = 3335A90BDEB52C323A153517 /* SchedulingRefreshOverlay.swift */; };
		9CD32F9777E00CA402463257 /* MedicationFormViewModel.swift in Sources */ = {isa = PBXBuildFile; fileRef = 816F71313F426FE0A622F4B3 /* MedicationFormViewModel.swift */; };
		9D2399E1B34F75CBD52AD0F0 /* PeriodPickerSheet.swift in Sources */ = {isa = PBXBuildFile; fileRef = 891C730CACE8B439AA82280A /* PeriodPickerSheet.swift */; };
		9E32A2665B38F39DF6691477 /* CaregiverLoginView.swift in Sources */ = {isa = PBXBuildFile; fileRef = 5EFC3080A97C8534B55D4B19 /* CaregiverLoginView.swift */; };
		A368DDDB83925DDFFFE53CC9 /* PaywallViewModel.swift in Sources */ = {isa = PBXBuildFile; fileRef = 18318D43942E0706C087F30D /* PaywallViewModel.swift */; };
		A428B5E925F219C96731E370 /* PatientTodayView.swift in Sources */ = {isa = PBXBuildFile; fileRef = 4BFCE7D6BD887889F4A80FEA /* PatientTodayView.swift */; };
		A6F87610742EC8B5B96B4478 /* HistoryOverlayTests.swift in Sources */ = {isa = PBXBuildFile; fileRef = 50CC3E300E058B7C790B9BD6 /* HistoryOverlayTests.swift */; };
		A91CE62CDD4B5ABC87590915 /* TodayPatientFlowTests.swift in Sources */ = {isa = PBXBuildFile; fileRef = 013B6B790A720A87F5E3035D /* TodayPatientFlowTests.swift */; };
		A9208875EAD49376C78455B5 /* HistoryClient.swift in Sources */ = {isa = PBXBuildFile; fileRef = 5A1C86D4E584FBC8DFCE97D4 /* HistoryClient.swift */; };
		A9E01ADD70C1C0763905008D /* ReminderService.swift in Sources */ = {isa = PBXBuildFile; fileRef = D8FD22A7D92D4A09A9DFFF29 /* ReminderService.swift */; };
		AB79981DF77D1D6D77D673DF /* InventoryAPI.swift in Sources */ = {isa = PBXBuildFile; fileRef = 3D76FDFEEF51C1C9973F4936 /* InventoryAPI.swift */; };
		ADC1EF71EB1347C4054A1B88 /* FirebaseMessaging in Frameworks */ = {isa = PBXBuildFile; productRef = 8BC90A35E94281A03BD02619 /* FirebaseMessaging */; };
		AE5360FCEE21DB28BEAF3CD4 /* EntitlementStoreTests.swift in Sources */ = {isa = PBXBuildFile; fileRef = 13B673FB9B28CA6F54B38147 /* EntitlementStoreTests.swift */; };
		B0BD67450DF6D9F01C710F5C /* SlotBulkRecordDTO.swift in Sources */ = {isa = PBXBuildFile; fileRef = 22E21419EE2C48C5FFC91DF0 /* SlotBulkRecordDTO.swift */; };
		B75901EA0B24EE45AD401EC3 /* NotificationDeepLinkTests.swift in Sources */ = {isa = PBXBuildFile; fileRef = ABBF5EB307A2B918E9712162 /* NotificationDeepLinkTests.swift */; };
		C531B4EE2AF37C0A10FE41B1 /* RootView.swift in Sources */ = {isa = PBXBuildFile; fileRef = 0C5E58283CB0DE531C70CF9B /* RootView.swift */; };
		C6BA67D9849095E39EBC05DF /* HistoryRetentionTests.swift in Sources */ = {isa = PBXBuildFile; fileRef = B206B00735E7532B8D1CCB40 /* HistoryRetentionTests.swift */; };
		C6F26CAD5BC8841754DDEDEE /* SessionStore.swift in Sources */ = {isa = PBXBuildFile; fileRef = 55D848B099AC94BF91C18A12 /* SessionStore.swift */; };
		CB90F4D6BCAB7C7E3B9D1AA2 /* EntitlementDTO.swift in Sources */ = {isa = PBXBuildFile; fileRef = DA899299A25BF07670D56E15 /* EntitlementDTO.swift */; };
		CC241D83091F75F9817D86C1 /* AuthService.swift in Sources */ = {isa = PBXBuildFile; fileRef = 10B347F8F660C4110482F537 /* AuthService.swift */; };
		CF614E0251DC6ABDFC51D8D8 /* MedicationDTO.swift in Sources */ = {isa = PBXBuildFile; fileRef = EEE1F1D310B1C0AFFB60363E /* MedicationDTO.swift */; };
		D2EF3893543CA8CAC3CD3C30 /* InventoryBannerUITests.swift in Sources */ = {isa = PBXBuildFile; fileRef = 2C9D32B07C15C8E395FD13EC /* InventoryBannerUITests.swift */; };
		D427E43F32FD2C23CA3BB00A /* MedicationListView.swift in Sources */ = {isa = PBXBuildFile; fileRef = EC08C3E7B359DD5774B5DAAA /* MedicationListView.swift */; };
		D54B114E09FDD6541A0C9A68 /* AppDelegate.swift in Sources */ = {isa = PBXBuildFile; fileRef = 96625C38F8A39E22EE9BDE70 /* AppDelegate.swift */; };
		D7E1632209BA541EECCC1B80 /* NavigationHeaderView.swift in Sources */ = {isa = PBXBuildFile; fileRef = F1515EED52C2E904E5C2F3B8 /* NavigationHeaderView.swift */; };
		D86536F626E516A3F76E9257 /* FeatureGateTests.swift in Sources */ = {isa = PBXBuildFile; fileRef = EC8474EBC760FF69142886D1 /* FeatureGateTests.swift */; };
		D8ECB33F09117F9E93897261 /* PrnSectionViewModelTests.swift in Sources */ = {isa = PBXBuildFile; fileRef = 127ECD7701D8FD4F35F99077 /* PrnSectionViewModelTests.swift */; };
		DBC661AF788E38CF3F364C67 /* NotificationTapUITests.swift in Sources */ = {isa = PBXBuildFile; fileRef = 030FF0398901FCE2AFC189D6 /* NotificationTapUITests.swift */; };
		DD242156C89713B0FF8EDDE7 /* HistoryViewModel.swift in Sources */ = {isa = PBXBuildFile; fileRef = 9A52478DEFCCAE46F0F50136 /* HistoryViewModel.swift */; };
		DDE2DB568009CE9C1CD4B7CB /* PushDeepLinkTests.swift in Sources */ = {isa = PBXBuildFile; fileRef = F18E87A431F363088829F603 /* PushDeepLinkTests.swift */; };
		DE57860517336AEA015A9311 /* PatientDTO.swift in Sources */ = {isa = PBXBuildFile; fileRef = B32079D60F0180FF98DC28FD /* PatientDTO.swift */; };
		DEAC7E5C6F5D22043AF1984F /* HistoryDayDetailView.swift in Sources */ = {isa = PBXBuildFile; fileRef = 8E5DB378CD7A136E899E29F0 /* HistoryDayDetailView.swift */; };
		E0EBB42848864A7DF863F91C /* TodaySlotHighlight.swift in Sources */ = {isa = PBXBuildFile; fileRef = 7BDEB4E8F09261CF7B8B25FC /* TodaySlotHighlight.swift */; };
		E61BA8EC38CB8CA2BAE40A24 /* DeviceTokenManager.swift in Sources */ = {isa = PBXBuildFile; fileRef = 0BE7F361C82942BC778FFCA8 /* DeviceTokenManager.swift */; };
		E778ED1907B9FAF8C59C150C /* InventoryDTO.swift in Sources */ = {isa = PBXBuildFile; fileRef = 76275337362331D328DD0663 /* InventoryDTO.swift */; };
		E865934EDE6E1079E23D6398 /* ModeSelectView.swift in Sources */ = {isa = PBXBuildFile; fileRef = 0ED0295C35ADCA8CCEB59000 /* ModeSelectView.swift */; };
		E95ABB18FB2ED1D681671070 /* InventoryListView.swift in Sources */ = {isa = PBXBuildFile; fileRef = 0E0C4E7DC46536FA717DCB8A /* InventoryListView.swift */; };
		EBC82CA27064EED79BAFD52A /* ReminderBannerPresenter.swift in Sources */ = {isa = PBXBuildFile; fileRef = 5E7A3EACBB80753166EEC714 /* ReminderBannerPresenter.swift */; };
		ECB7D41D5AC07277A3362980 /* PatientLinkCodeView.swift in Sources */ = {isa = PBXBuildFile; fileRef = 21EE1CB0A785976B0BFACF55 /* PatientLinkCodeView.swift */; };
		ECE09FE0AC719A77B2491C8C /* PrnTodayUiTests.swift in Sources */ = {isa = PBXBuildFile; fileRef = 8FFB09A2847D3F7FDCFFCEC8 /* PrnTodayUiTests.swift */; };
		ED619E29E74E4546A2591DF6 /* APIClientTests.swift in Sources */ = {isa = PBXBuildFile; fileRef = C864E2CD124754159C571F26 /* APIClientTests.swift */; };
		EF23AFF65F275D6CAE9A5E96 /* FeatureGate.swift in Sources */ = {isa = PBXBuildFile; fileRef = 18FDDB6ECC5AFC96044F8CB4 /* FeatureGate.swift */; };
		F0ED32E7A0770A97F9A4FA40 /* HistoryMonthView.swift in Sources */ = {isa = PBXBuildFile; fileRef = B134FF18292ECF9ECAF6A505 /* HistoryMonthView.swift */; };
		F3B65F995BBDB4602590DA22 /* InventoryListDetailUITests.swift in Sources */ = {isa = PBXBuildFile; fileRef = 330755D41A1951F0E8613782 /* InventoryListDetailUITests.swift */; };
		F3E0B8DEDD0ABF7BBAA831CB /* PatientDeleteView.swift in Sources */ = {isa = PBXBuildFile; fileRef = F74453B88750CFF15FF0FC3F /* PatientDeleteView.swift */; };
		F69C8BA470A57C8BBB10C4EA /* HistoryRetentionUITests.swift in Sources */ = {isa = PBXBuildFile; fileRef = 342C88D125EBB6991FA73A6C /* HistoryRetentionUITests.swift */; };
		F6C825BED0D7EEB2CE3CCF28 /* ReminderSchedulingTests.swift in Sources */ = {isa = PBXBuildFile; fileRef = B4FA16D48A97D298701D0C75 /* ReminderSchedulingTests.swift */; };
		F9CE64F4A5806DDF2475ECF5 /* HistoryReportDTO.swift in Sources */ = {isa = PBXBuildFile; fileRef = DC586CEBAE4FA70F0688F003 /* HistoryReportDTO.swift */; };
		FCE120E4D0D8CAE4A17E3089 /* PrnMedicationUiTests.swift in Sources */ = {isa = PBXBuildFile; fileRef = 77F7DC653B91B6AF066B3FDE /* PrnMedicationUiTests.swift */; };
/* End PBXBuildFile section */

/* Begin PBXContainerItemProxy section */
		F1E848AD283FFCB85A0335FF /* PBXContainerItemProxy */ = {
			isa = PBXContainerItemProxy;
			containerPortal = 066518086EFA98331F6FE21E /* Project object */;
			proxyType = 1;
			remoteGlobalIDString = 7B2B93319ECFF27D796B5E87;
			remoteInfo = MedicationApp;
		};
/* End PBXContainerItemProxy section */

/* Begin PBXFileReference section */
		013B6B790A720A87F5E3035D /* TodayPatientFlowTests.swift */ = {isa = PBXFileReference; lastKnownFileType = sourcecode.swift; path = TodayPatientFlowTests.swift; sourceTree = "<group>"; };
		01D43997A9913A554CA15C41 /* HistoryRetentionLockView.swift */ = {isa = PBXFileReference; lastKnownFileType = sourcecode.swift; path = HistoryRetentionLockView.swift; sourceTree = "<group>"; };
		030FF0398901FCE2AFC189D6 /* NotificationTapUITests.swift */ = {isa = PBXFileReference; lastKnownFileType = sourcecode.swift; path = NotificationTapUITests.swift; sourceTree = "<group>"; };
		071D9CAF62C18AC6DDC887BD /* InventoryDetailView.swift */ = {isa = PBXFileReference; lastKnownFileType = sourcecode.swift; path = InventoryDetailView.swift; sourceTree = "<group>"; };
		0822331373D994BC40BCB45F /* MedicationFormView.swift */ = {isa = PBXFileReference; lastKnownFileType = sourcecode.swift; path = MedicationFormView.swift; sourceTree = "<group>"; };
		08D4DBCBF2CE5522633BB90C /* Info.plist */ = {isa = PBXFileReference; lastKnownFileType = text.plist; path = Info.plist; sourceTree = "<group>"; };
		0ADC71538D8DF72EFC22926F /* GoogleService-Info.plist */ = {isa = PBXFileReference; lastKnownFileType = text.plist; path = "GoogleService-Info.plist"; sourceTree = "<group>"; };
		0AF6AFD1B47BE0E49B16EFD8 /* CaregiverPushUITests.swift */ = {isa = PBXFileReference; lastKnownFileType = sourcecode.swift; path = CaregiverPushUITests.swift; sourceTree = "<group>"; };
		0BE7F361C82942BC778FFCA8 /* DeviceTokenManager.swift */ = {isa = PBXFileReference; lastKnownFileType = sourcecode.swift; path = DeviceTokenManager.swift; sourceTree = "<group>"; };
		0C5E58283CB0DE531C70CF9B /* RootView.swift */ = {isa = PBXFileReference; lastKnownFileType = sourcecode.swift; path = RootView.swift; sourceTree = "<group>"; };
		0CEC8F0CD10FAA9C276E6B82 /* TodayCaregiverFlowTests.swift */ = {isa = PBXFileReference; lastKnownFileType = sourcecode.swift; path = TodayCaregiverFlowTests.swift; sourceTree = "<group>"; };
		0E0C4E7DC46536FA717DCB8A /* InventoryListView.swift */ = {isa = PBXFileReference; lastKnownFileType = sourcecode.swift; path = InventoryListView.swift; sourceTree = "<group>"; };
		0E5797509D584B7B93F402B4 /* NotificationPreferencesStore.swift */ = {isa = PBXFileReference; lastKnownFileType = sourcecode.swift; path = NotificationPreferencesStore.swift; sourceTree = "<group>"; };
		0ED0295C35ADCA8CCEB59000 /* ModeSelectView.swift */ = {isa = PBXFileReference; lastKnownFileType = sourcecode.swift; path = ModeSelectView.swift; sourceTree = "<group>"; };
		10B347F8F660C4110482F537 /* AuthService.swift */ = {isa = PBXFileReference; lastKnownFileType = sourcecode.swift; path = AuthService.swift; sourceTree = "<group>"; };
		12684A1F8BC610867585DA97 /* SlotBulkRecordUITests.swift */ = {isa = PBXFileReference; lastKnownFileType = sourcecode.swift; path = SlotBulkRecordUITests.swift; sourceTree = "<group>"; };
		127ECD7701D8FD4F35F99077 /* PrnSectionViewModelTests.swift */ = {isa = PBXFileReference; lastKnownFileType = sourcecode.swift; path = PrnSectionViewModelTests.swift; sourceTree = "<group>"; };
		13B673FB9B28CA6F54B38147 /* EntitlementStoreTests.swift */ = {isa = PBXFileReference; lastKnownFileType = sourcecode.swift; path = EntitlementStoreTests.swift; sourceTree = "<group>"; };
		147DEFCBB105644FFF683E3A /* SplashView.swift */ = {isa = PBXFileReference; lastKnownFileType = sourcecode.swift; path = SplashView.swift; sourceTree = "<group>"; };
		18318D43942E0706C087F30D /* PaywallViewModel.swift */ = {isa = PBXFileReference; lastKnownFileType = sourcecode.swift; path = PaywallViewModel.swift; sourceTree = "<group>"; };
		18FDDB6ECC5AFC96044F8CB4 /* FeatureGate.swift */ = {isa = PBXFileReference; lastKnownFileType = sourcecode.swift; path = FeatureGate.swift; sourceTree = "<group>"; };
		1936DBB41CFB0907EE79DBF6 /* MedicationFormValidationTests.swift */ = {isa = PBXFileReference; lastKnownFileType = sourcecode.swift; path = MedicationFormValidationTests.swift; sourceTree = "<group>"; };
		1B421542D92993BB7B79D9D3 /* APIError.swift */ = {isa = PBXFileReference; lastKnownFileType = sourcecode.swift; path = APIError.swift; sourceTree = "<group>"; };
		1C1282AECEDEEF05EC919DE4 /* NotificationSettingsUITests.swift */ = {isa = PBXFileReference; lastKnownFileType = sourcecode.swift; path = NotificationSettingsUITests.swift; sourceTree = "<group>"; };
		1C19CDEC56393186801A875F /* InventoryOverlayUITests.swift */ = {isa = PBXFileReference; lastKnownFileType = sourcecode.swift; path = InventoryOverlayUITests.swift; sourceTree = "<group>"; };
		1F15D54BA84F66FF4EAD48C3 /* FullScreenContainer.swift */ = {isa = PBXFileReference; lastKnownFileType = sourcecode.swift; path = FullScreenContainer.swift; sourceTree = "<group>"; };
		21EE1CB0A785976B0BFACF55 /* PatientLinkCodeView.swift */ = {isa = PBXFileReference; lastKnownFileType = sourcecode.swift; path = PatientLinkCodeView.swift; sourceTree = "<group>"; };
		22E21419EE2C48C5FFC91DF0 /* SlotBulkRecordDTO.swift */ = {isa = PBXFileReference; lastKnownFileType = sourcecode.swift; path = SlotBulkRecordDTO.swift; sourceTree = "<group>"; };
		23B9650C57D5CF2A1CC524ED /* PrnDoseRecordDTO.swift */ = {isa = PBXFileReference; lastKnownFileType = sourcecode.swift; path = PrnDoseRecordDTO.swift; sourceTree = "<group>"; };
		2780958AD32B86D5FD3254D8 /* PatientRevokeView.swift */ = {isa = PBXFileReference; lastKnownFileType = sourcecode.swift; path = PatientRevokeView.swift; sourceTree = "<group>"; };
		2C9D32B07C15C8E395FD13EC /* InventoryBannerUITests.swift */ = {isa = PBXFileReference; lastKnownFileType = sourcecode.swift; path = InventoryBannerUITests.swift; sourceTree = "<group>"; };
		2E02C37A6DD54B4D396E3BF1 /* CaregiverBannerUITests.swift */ = {isa = PBXFileReference; lastKnownFileType = sourcecode.swift; path = CaregiverBannerUITests.swift; sourceTree = "<group>"; };
		2E594C35EA698D01A962CE27 /* NotificationSchedulerTests.swift */ = {isa = PBXFileReference; lastKnownFileType = sourcecode.swift; path = NotificationSchedulerTests.swift; sourceTree = "<group>"; };
		2E622F067BAC7E3083CFB39A /* CaregiverHistoryView.swift */ = {isa = PBXFileReference; lastKnownFileType = sourcecode.swift; path = CaregiverHistoryView.swift; sourceTree = "<group>"; };
		2F14389A25B5B1AFDD3C4518 /* PrnConfirmTests.swift */ = {isa = PBXFileReference; lastKnownFileType = sourcecode.swift; path = PrnConfirmTests.swift; sourceTree = "<group>"; };
		2F3B3EC234D1D71D44BC2C6E /* LinkingService.swift */ = {isa = PBXFileReference; lastKnownFileType = sourcecode.swift; path = LinkingService.swift; sourceTree = "<group>"; };
		30F0665AE9C17BFB7BD43D41 /* MedicationApp.app */ = {isa = PBXFileReference; includeInIndex = 0; lastKnownFileType = wrapper.application; path = MedicationApp.app; sourceTree = BUILT_PRODUCTS_DIR; };
		330755D41A1951F0E8613782 /* InventoryListDetailUITests.swift */ = {isa = PBXFileReference; lastKnownFileType = sourcecode.swift; path = InventoryListDetailUITests.swift; sourceTree = "<group>"; };
		3335A90BDEB52C323A153517 /* SchedulingRefreshOverlay.swift */ = {isa = PBXFileReference; lastKnownFileType = sourcecode.swift; path = SchedulingRefreshOverlay.swift; sourceTree = "<group>"; };
		342C88D125EBB6991FA73A6C /* HistoryRetentionUITests.swift */ = {isa = PBXFileReference; lastKnownFileType = sourcecode.swift; path = HistoryRetentionUITests.swift; sourceTree = "<group>"; };
		3D04923965D53D9B61AF9C20 /* InventoryEmptyStateUITests.swift */ = {isa = PBXFileReference; lastKnownFileType = sourcecode.swift; path = InventoryEmptyStateUITests.swift; sourceTree = "<group>"; };
		3D76FDFEEF51C1C9973F4936 /* InventoryAPI.swift */ = {isa = PBXFileReference; lastKnownFileType = sourcecode.swift; path = InventoryAPI.swift; sourceTree = "<group>"; };
		44343B10C54EC3AF03A290E5 /* NotificationDeepLinkRouter.swift */ = {isa = PBXFileReference; lastKnownFileType = sourcecode.swift; path = NotificationDeepLinkRouter.swift; sourceTree = "<group>"; };
		4699C39F07E258727176FCAE /* CaregiverHomeView.swift */ = {isa = PBXFileReference; lastKnownFileType = sourcecode.swift; path = CaregiverHomeView.swift; sourceTree = "<group>"; };
		48D944249F964B12755FD2DF /* APIClient.swift */ = {isa = PBXFileReference; lastKnownFileType = sourcecode.swift; path = APIClient.swift; sourceTree = "<group>"; };
		49308687EE15C8BF1B4BE6B0 /* EntitlementStore.swift */ = {isa = PBXFileReference; lastKnownFileType = sourcecode.swift; path = EntitlementStore.swift; sourceTree = "<group>"; };
		4A0372B9826CB3D2831F8FF0 /* PDFExportLockView.swift */ = {isa = PBXFileReference; lastKnownFileType = sourcecode.swift; path = PDFExportLockView.swift; sourceTree = "<group>"; };
		4BFCE7D6BD887889F4A80FEA /* PatientTodayView.swift */ = {isa = PBXFileReference; lastKnownFileType = sourcecode.swift; path = PatientTodayView.swift; sourceTree = "<group>"; };
		4C0E5524A7BCCD5B718738F0 /* PDFExportUITests.swift */ = {isa = PBXFileReference; lastKnownFileType = sourcecode.swift; path = PDFExportUITests.swift; sourceTree = "<group>"; };
		4F1B1CE3A0835AA4C3DF9464 /* CaregiverTodayView.swift */ = {isa = PBXFileReference; lastKnownFileType = sourcecode.swift; path = CaregiverTodayView.swift; sourceTree = "<group>"; };
		50CC3E300E058B7C790B9BD6 /* HistoryOverlayTests.swift */ = {isa = PBXFileReference; lastKnownFileType = sourcecode.swift; path = HistoryOverlayTests.swift; sourceTree = "<group>"; };
		53F3D10B0283F083999CFCEF /* StateViews.swift */ = {isa = PBXFileReference; lastKnownFileType = sourcecode.swift; path = StateViews.swift; sourceTree = "<group>"; };
		559F7D05EAC2932241E20F4E /* CaregiverSessionController.swift */ = {isa = PBXFileReference; lastKnownFileType = sourcecode.swift; path = CaregiverSessionController.swift; sourceTree = "<group>"; };
		55D848B099AC94BF91C18A12 /* SessionStore.swift */ = {isa = PBXFileReference; lastKnownFileType = sourcecode.swift; path = SessionStore.swift; sourceTree = "<group>"; };
		59803E8F1DB8D7C07E6285E5 /* PrnOverlayUiTests.swift */ = {isa = PBXFileReference; lastKnownFileType = sourcecode.swift; path = PrnOverlayUiTests.swift; sourceTree = "<group>"; };
		5A1C86D4E584FBC8DFCE97D4 /* HistoryClient.swift */ = {isa = PBXFileReference; lastKnownFileType = sourcecode.swift; path = HistoryClient.swift; sourceTree = "<group>"; };
		5E7A3EACBB80753166EEC714 /* ReminderBannerPresenter.swift */ = {isa = PBXFileReference; lastKnownFileType = sourcecode.swift; path = ReminderBannerPresenter.swift; sourceTree = "<group>"; };
		5EFC3080A97C8534B55D4B19 /* CaregiverLoginView.swift */ = {isa = PBXFileReference; lastKnownFileType = sourcecode.swift; path = CaregiverLoginView.swift; sourceTree = "<group>"; };
		606A82E13154E5DB1B47B981 /* GlobalBannerPresenter.swift */ = {isa = PBXFileReference; lastKnownFileType = sourcecode.swift; path = GlobalBannerPresenter.swift; sourceTree = "<group>"; };
		6170CD781DA4ADA047089FA3 /* PatientCreateView.swift */ = {isa = PBXFileReference; lastKnownFileType = sourcecode.swift; path = PatientCreateView.swift; sourceTree = "<group>"; };
		6422C8656A2A888B307E5A94 /* MedicationApp.swift */ = {isa = PBXFileReference; lastKnownFileType = sourcecode.swift; path = MedicationApp.swift; sourceTree = "<group>"; };
		678945D795A346CA7EB08C5F /* DoseRecordDTO.swift */ = {isa = PBXFileReference; lastKnownFileType = sourcecode.swift; path = DoseRecordDTO.swift; sourceTree = "<group>"; };
		67DB89D6E699DF066387CC24 /* CaregiverSignupView.swift */ = {isa = PBXFileReference; lastKnownFileType = sourcecode.swift; path = CaregiverSignupView.swift; sourceTree = "<group>"; };
		6F3910BD2D33F5348FBDDEEC /* NotificationPlanBuilderTests.swift */ = {isa = PBXFileReference; lastKnownFileType = sourcecode.swift; path = NotificationPlanBuilderTests.swift; sourceTree = "<group>"; };
		721F43D1AEC682D6A39D47D3 /* NotificationPermissionManager.swift */ = {isa = PBXFileReference; lastKnownFileType = sourcecode.swift; path = NotificationPermissionManager.swift; sourceTree = "<group>"; };
		76275337362331D328DD0663 /* InventoryDTO.swift */ = {isa = PBXFileReference; lastKnownFileType = sourcecode.swift; path = InventoryDTO.swift; sourceTree = "<group>"; };
		77F7DC653B91B6AF066B3FDE /* PrnMedicationUiTests.swift */ = {isa = PBXFileReference; lastKnownFileType = sourcecode.swift; path = PrnMedicationUiTests.swift; sourceTree = "<group>"; };
		7A42ADC235670AD205259290 /* PatientManagementViewModelTests.swift */ = {isa = PBXFileReference; lastKnownFileType = sourcecode.swift; path = PatientManagementViewModelTests.swift; sourceTree = "<group>"; };
		7BDEB4E8F09261CF7B8B25FC /* TodaySlotHighlight.swift */ = {isa = PBXFileReference; lastKnownFileType = sourcecode.swift; path = TodaySlotHighlight.swift; sourceTree = "<group>"; };
		7DCBDC43794CD9B567EE94CB /* SchedulingRefreshCoordinator.swift */ = {isa = PBXFileReference; lastKnownFileType = sourcecode.swift; path = SchedulingRefreshCoordinator.swift; sourceTree = "<group>"; };
		80D730F32C311FB27644CE69 /* Assets.xcassets */ = {isa = PBXFileReference; lastKnownFileType = folder.assetcatalog; path = Assets.xcassets; sourceTree = "<group>"; };
		816F71313F426FE0A622F4B3 /* MedicationFormViewModel.swift */ = {isa = PBXFileReference; lastKnownFileType = sourcecode.swift; path = MedicationFormViewModel.swift; sourceTree = "<group>"; };
		8683B928A50870EAD3A284BB /* PDFExportPatientTests.swift */ = {isa = PBXFileReference; lastKnownFileType = sourcecode.swift; path = PDFExportPatientTests.swift; sourceTree = "<group>"; };
		891C730CACE8B439AA82280A /* PeriodPickerSheet.swift */ = {isa = PBXFileReference; lastKnownFileType = sourcecode.swift; path = PeriodPickerSheet.swift; sourceTree = "<group>"; };
		89294417BFFE97416FFE1361 /* PDFGenerator.swift */ = {isa = PBXFileReference; lastKnownFileType = sourcecode.swift; path = PDFGenerator.swift; sourceTree = "<group>"; };
		8E5DB378CD7A136E899E29F0 /* HistoryDayDetailView.swift */ = {isa = PBXFileReference; lastKnownFileType = sourcecode.swift; path = HistoryDayDetailView.swift; sourceTree = "<group>"; };
		8FFB09A2847D3F7FDCFFCEC8 /* PrnTodayUiTests.swift */ = {isa = PBXFileReference; lastKnownFileType = sourcecode.swift; path = PrnTodayUiTests.swift; sourceTree = "<group>"; };
		9175FA959FB3561933F5F2EC /* NotificationScheduler.swift */ = {isa = PBXFileReference; lastKnownFileType = sourcecode.swift; path = NotificationScheduler.swift; sourceTree = "<group>"; };
		927B3F96F63C7CE6B21DF755 /* RangeValidationTests.swift */ = {isa = PBXFileReference; lastKnownFileType = sourcecode.swift; path = RangeValidationTests.swift; sourceTree = "<group>"; };
		94643C1CA7FC56CD9674234A /* HistoryDTO.swift */ = {isa = PBXFileReference; lastKnownFileType = sourcecode.swift; path = HistoryDTO.swift; sourceTree = "<group>"; };
		96625C38F8A39E22EE9BDE70 /* AppDelegate.swift */ = {isa = PBXFileReference; lastKnownFileType = sourcecode.swift; path = AppDelegate.swift; sourceTree = "<group>"; };
		9A52478DEFCCAE46F0F50136 /* HistoryViewModel.swift */ = {isa = PBXFileReference; lastKnownFileType = sourcecode.swift; path = HistoryViewModel.swift; sourceTree = "<group>"; };
		9B64AF7EE295BBF73C74DC54 /* Products.storekit */ = {isa = PBXFileReference; path = Products.storekit; sourceTree = "<group>"; };
		A0553302E054BBF130267A11 /* NotificationPlanBuilder.swift */ = {isa = PBXFileReference; lastKnownFileType = sourcecode.swift; path = NotificationPlanBuilder.swift; sourceTree = "<group>"; };
		ABBF5EB307A2B918E9712162 /* NotificationDeepLinkTests.swift */ = {isa = PBXFileReference; lastKnownFileType = sourcecode.swift; path = NotificationDeepLinkTests.swift; sourceTree = "<group>"; };
		ABD7675083AAF91936829813 /* PeriodPickerViewModel.swift */ = {isa = PBXFileReference; lastKnownFileType = sourcecode.swift; path = PeriodPickerViewModel.swift; sourceTree = "<group>"; };
		AC0B3D46C84BDF4988FAD45A /* CaregiverAuthChoiceView.swift */ = {isa = PBXFileReference; lastKnownFileType = sourcecode.swift; path = CaregiverAuthChoiceView.swift; sourceTree = "<group>"; };
		B134FF18292ECF9ECAF6A505 /* HistoryMonthView.swift */ = {isa = PBXFileReference; lastKnownFileType = sourcecode.swift; path = HistoryMonthView.swift; sourceTree = "<group>"; };
		B206B00735E7532B8D1CCB40 /* HistoryRetentionTests.swift */ = {isa = PBXFileReference; lastKnownFileType = sourcecode.swift; path = HistoryRetentionTests.swift; sourceTree = "<group>"; };
		B24EE1B2BF4DDDB26FB959AD /* MedicationAppTests.xctest */ = {isa = PBXFileReference; includeInIndex = 0; lastKnownFileType = wrapper.cfbundle; path = MedicationAppTests.xctest; sourceTree = BUILT_PRODUCTS_DIR; };
		B32079D60F0180FF98DC28FD /* PatientDTO.swift */ = {isa = PBXFileReference; lastKnownFileType = sourcecode.swift; path = PatientDTO.swift; sourceTree = "<group>"; };
		B4FA16D48A97D298701D0C75 /* ReminderSchedulingTests.swift */ = {isa = PBXFileReference; lastKnownFileType = sourcecode.swift; path = ReminderSchedulingTests.swift; sourceTree = "<group>"; };
		B787856EA1456F50596935F0 /* Info.plist */ = {isa = PBXFileReference; lastKnownFileType = text.plist; path = Info.plist; sourceTree = "<group>"; };
		BC838D43F2A137E7A3B47E88 /* PatientTodayViewModel.swift */ = {isa = PBXFileReference; lastKnownFileType = sourcecode.swift; path = PatientTodayViewModel.swift; sourceTree = "<group>"; };
		BCC18253215BD74074A8CB36 /* PaywallUITests.swift */ = {isa = PBXFileReference; lastKnownFileType = sourcecode.swift; path = PaywallUITests.swift; sourceTree = "<group>"; };
		BE09CCA2A275B0AA41324F09 /* NotificationSettingsTests.swift */ = {isa = PBXFileReference; lastKnownFileType = sourcecode.swift; path = NotificationSettingsTests.swift; sourceTree = "<group>"; };
		C084FA5333D8A7F1BF0CC274 /* CaregiverSettingsView.swift */ = {isa = PBXFileReference; lastKnownFileType = sourcecode.swift; path = CaregiverSettingsView.swift; sourceTree = "<group>"; };
		C14C533AD6E811851375D3BA /* LaunchScreen.storyboard */ = {isa = PBXFileReference; lastKnownFileType = file.storyboard; path = LaunchScreen.storyboard; sourceTree = "<group>"; };
		C478A1F0A87BA5A6933C496E /* SessionStoreTests.swift */ = {isa = PBXFileReference; lastKnownFileType = sourcecode.swift; path = SessionStoreTests.swift; sourceTree = "<group>"; };
		C864E2CD124754159C571F26 /* APIClientTests.swift */ = {isa = PBXFileReference; lastKnownFileType = sourcecode.swift; path = APIClientTests.swift; sourceTree = "<group>"; };
		C9B95C565516F1191D20C297 /* CaregiverTodayViewModel.swift */ = {isa = PBXFileReference; lastKnownFileType = sourcecode.swift; path = CaregiverTodayViewModel.swift; sourceTree = "<group>"; };
		CE69B91B4906C7A17F081989 /* Localizable.strings */ = {isa = PBXFileReference; lastKnownFileType = text.plist.strings; path = Localizable.strings; sourceTree = "<group>"; };
		D28A063A709CA9505F5504F9 /* InventoryEmptyStateView.swift */ = {isa = PBXFileReference; lastKnownFileType = sourcecode.swift; path = InventoryEmptyStateView.swift; sourceTree = "<group>"; };
		D8FD22A7D92D4A09A9DFFF29 /* ReminderService.swift */ = {isa = PBXFileReference; lastKnownFileType = sourcecode.swift; path = ReminderService.swift; sourceTree = "<group>"; };
		D99651621C933E0B2FDC5AB5 /* CaregiverPushSettingsTests.swift */ = {isa = PBXFileReference; lastKnownFileType = sourcecode.swift; path = CaregiverPushSettingsTests.swift; sourceTree = "<group>"; };
		D9D1D0F4F880D14BFC56972A /* PaywallView.swift */ = {isa = PBXFileReference; lastKnownFileType = sourcecode.swift; path = PaywallView.swift; sourceTree = "<group>"; };
		DA899299A25BF07670D56E15 /* EntitlementDTO.swift */ = {isa = PBXFileReference; lastKnownFileType = sourcecode.swift; path = EntitlementDTO.swift; sourceTree = "<group>"; };
		DAB4A7982EF513DD066ACCFD /* PDFExportButton.swift */ = {isa = PBXFileReference; lastKnownFileType = sourcecode.swift; path = PDFExportButton.swift; sourceTree = "<group>"; };
		DB301A66DEAEF3BCF639C5DD /* AppConstants.swift */ = {isa = PBXFileReference; lastKnownFileType = sourcecode.swift; path = AppConstants.swift; sourceTree = "<group>"; };
		DC586CEBAE4FA70F0688F003 /* HistoryReportDTO.swift */ = {isa = PBXFileReference; lastKnownFileType = sourcecode.swift; path = HistoryReportDTO.swift; sourceTree = "<group>"; };
		DE96F6150C049AA64E9847D1 /* SlotCardRenderingTests.swift */ = {isa = PBXFileReference; lastKnownFileType = sourcecode.swift; path = SlotCardRenderingTests.swift; sourceTree = "<group>"; };
		E9E12BCBB71264FF90ADD7F7 /* PatientManagementView.swift */ = {isa = PBXFileReference; lastKnownFileType = sourcecode.swift; path = PatientManagementView.swift; sourceTree = "<group>"; };
		EB55437B073B6E2D5D88F3AE /* MedicationListViewModelTests.swift */ = {isa = PBXFileReference; lastKnownFileType = sourcecode.swift; path = MedicationListViewModelTests.swift; sourceTree = "<group>"; };
		EC08C3E7B359DD5774B5DAAA /* MedicationListView.swift */ = {isa = PBXFileReference; lastKnownFileType = sourcecode.swift; path = MedicationListView.swift; sourceTree = "<group>"; };
		EC8474EBC760FF69142886D1 /* FeatureGateTests.swift */ = {isa = PBXFileReference; lastKnownFileType = sourcecode.swift; path = FeatureGateTests.swift; sourceTree = "<group>"; };
		EEE1F1D310B1C0AFFB60363E /* MedicationDTO.swift */ = {isa = PBXFileReference; lastKnownFileType = sourcecode.swift; path = MedicationDTO.swift; sourceTree = "<group>"; };
		EF25E0AC2E6F7B74E5AE6DD9 /* LinkCodeEntryView.swift */ = {isa = PBXFileReference; lastKnownFileType = sourcecode.swift; path = LinkCodeEntryView.swift; sourceTree = "<group>"; };
		F07AACBD56A6C13AC55D9B94 /* PeriodPresetTests.swift */ = {isa = PBXFileReference; lastKnownFileType = sourcecode.swift; path = PeriodPresetTests.swift; sourceTree = "<group>"; };
		F1515EED52C2E904E5C2F3B8 /* NavigationHeaderView.swift */ = {isa = PBXFileReference; lastKnownFileType = sourcecode.swift; path = NavigationHeaderView.swift; sourceTree = "<group>"; };
		F18E87A431F363088829F603 /* PushDeepLinkTests.swift */ = {isa = PBXFileReference; lastKnownFileType = sourcecode.swift; path = PushDeepLinkTests.swift; sourceTree = "<group>"; };
		F40BEBB24DA70264EB106FD4 /* PatientNoBillingUITests.swift */ = {isa = PBXFileReference; lastKnownFileType = sourcecode.swift; path = PatientNoBillingUITests.swift; sourceTree = "<group>"; };
		F416FC7961AEE499FB0C7826 /* EmptyDTO.swift */ = {isa = PBXFileReference; lastKnownFileType = sourcecode.swift; path = EmptyDTO.swift; sourceTree = "<group>"; };
		F65CEF9BC60A7F91DB1ACCE1 /* PatientReadOnlyView.swift */ = {isa = PBXFileReference; lastKnownFileType = sourcecode.swift; path = PatientReadOnlyView.swift; sourceTree = "<group>"; };
		F6808926C907021D832EC1D0 /* CaregiverPushSettingsViewModel.swift */ = {isa = PBXFileReference; lastKnownFileType = sourcecode.swift; path = CaregiverPushSettingsViewModel.swift; sourceTree = "<group>"; };
		F74453B88750CFF15FF0FC3F /* PatientDeleteView.swift */ = {isa = PBXFileReference; lastKnownFileType = sourcecode.swift; path = PatientDeleteView.swift; sourceTree = "<group>"; };
		F793F0C9A8BBA67CA9C46326 /* MedicationFormViewModelTests.swift */ = {isa = PBXFileReference; lastKnownFileType = sourcecode.swift; path = MedicationFormViewModelTests.swift; sourceTree = "<group>"; };
/* End PBXFileReference section */

/* Begin PBXFrameworksBuildPhase section */
		2DF7193C3332D9E703DE1909 /* Frameworks */ = {
			isa = PBXFrameworksBuildPhase;
			buildActionMask = 2147483647;
			files = (
				ADC1EF71EB1347C4054A1B88 /* FirebaseMessaging in Frameworks */,
			);
			runOnlyForDeploymentPostprocessing = 0;
		};
/* End PBXFrameworksBuildPhase section */

/* Begin PBXGroup section */
		0833835FF692FBCE583CA869 /* Banner */ = {
			isa = PBXGroup;
			children = (
				606A82E13154E5DB1B47B981 /* GlobalBannerPresenter.swift */,
				5E7A3EACBB80753166EEC714 /* ReminderBannerPresenter.swift */,
			);
			path = Banner;
			sourceTree = "<group>";
		};
		0A5C0DB82C9AE1169D87EE70 /* History */ = {
			isa = PBXGroup;
			children = (
				B206B00735E7532B8D1CCB40 /* HistoryRetentionTests.swift */,
				342C88D125EBB6991FA73A6C /* HistoryRetentionUITests.swift */,
			);
			path = History;
			sourceTree = "<group>";
		};
		0A85C71E5807B14766F403D9 /* History */ = {
			isa = PBXGroup;
			children = (
				2E622F067BAC7E3083CFB39A /* CaregiverHistoryView.swift */,
				8E5DB378CD7A136E899E29F0 /* HistoryDayDetailView.swift */,
				B134FF18292ECF9ECAF6A505 /* HistoryMonthView.swift */,
				01D43997A9913A554CA15C41 /* HistoryRetentionLockView.swift */,
				9A52478DEFCCAE46F0F50136 /* HistoryViewModel.swift */,
			);
			path = History;
			sourceTree = "<group>";
		};
		12BA0C46D944BEEE52BB87BA /* PDFExport */ = {
			isa = PBXGroup;
			children = (
				8683B928A50870EAD3A284BB /* PDFExportPatientTests.swift */,
				4C0E5524A7BCCD5B718738F0 /* PDFExportUITests.swift */,
				F07AACBD56A6C13AC55D9B94 /* PeriodPresetTests.swift */,
				927B3F96F63C7CE6B21DF755 /* RangeValidationTests.swift */,
			);
			path = PDFExport;
			sourceTree = "<group>";
		};
		15841E214FB6CCFFB1B27151 /* App */ = {
			isa = PBXGroup;
			children = (
				96625C38F8A39E22EE9BDE70 /* AppDelegate.swift */,
				B787856EA1456F50596935F0 /* Info.plist */,
				C14C533AD6E811851375D3BA /* LaunchScreen.storyboard */,
				6422C8656A2A888B307E5A94 /* MedicationApp.swift */,
				9B64AF7EE295BBF73C74DC54 /* Products.storekit */,
				0C5E58283CB0DE531C70CF9B /* RootView.swift */,
				147DEFCBB105644FFF683E3A /* SplashView.swift */,
			);
			path = App;
			sourceTree = "<group>";
		};
		215249493CD341C234C4DFA3 /* Settings */ = {
			isa = PBXGroup;
			children = (
				F6808926C907021D832EC1D0 /* CaregiverPushSettingsViewModel.swift */,
				C084FA5333D8A7F1BF0CC274 /* CaregiverSettingsView.swift */,
			);
			path = Settings;
			sourceTree = "<group>";
		};
		27B28F49BE53014BA49C37BC /* MedicationForm */ = {
			isa = PBXGroup;
			children = (
				0822331373D994BC40BCB45F /* MedicationFormView.swift */,
				816F71313F426FE0A622F4B3 /* MedicationFormViewModel.swift */,
			);
			path = MedicationForm;
			sourceTree = "<group>";
		};
		2E52607928949AA90078E476 /* Medication */ = {
			isa = PBXGroup;
			children = (
				77F7DC653B91B6AF066B3FDE /* PrnMedicationUiTests.swift */,
			);
			path = Medication;
			sourceTree = "<group>";
		};
		2E7321507F6B0A6AADBF64AE /* Today */ = {
			isa = PBXGroup;
			children = (
				4F1B1CE3A0835AA4C3DF9464 /* CaregiverTodayView.swift */,
				C9B95C565516F1191D20C297 /* CaregiverTodayViewModel.swift */,
				4BFCE7D6BD887889F4A80FEA /* PatientTodayView.swift */,
				BC838D43F2A137E7A3B47E88 /* PatientTodayViewModel.swift */,
				7BDEB4E8F09261CF7B8B25FC /* TodaySlotHighlight.swift */,
			);
			path = Today;
			sourceTree = "<group>";
		};
		388F121B3382F1004EC82EBE /* DTOs */ = {
			isa = PBXGroup;
			children = (
				678945D795A346CA7EB08C5F /* DoseRecordDTO.swift */,
				F416FC7961AEE499FB0C7826 /* EmptyDTO.swift */,
				DA899299A25BF07670D56E15 /* EntitlementDTO.swift */,
				94643C1CA7FC56CD9674234A /* HistoryDTO.swift */,
				DC586CEBAE4FA70F0688F003 /* HistoryReportDTO.swift */,
				76275337362331D328DD0663 /* InventoryDTO.swift */,
				EEE1F1D310B1C0AFFB60363E /* MedicationDTO.swift */,
				B32079D60F0180FF98DC28FD /* PatientDTO.swift */,
				23B9650C57D5CF2A1CC524ED /* PrnDoseRecordDTO.swift */,
				22E21419EE2C48C5FFC91DF0 /* SlotBulkRecordDTO.swift */,
			);
			path = DTOs;
			sourceTree = "<group>";
		};
		3F9563B76213D35F5B29F626 /* Caregiver */ = {
			isa = PBXGroup;
			children = (
				2E02C37A6DD54B4D396E3BF1 /* CaregiverBannerUITests.swift */,
				2C9D32B07C15C8E395FD13EC /* InventoryBannerUITests.swift */,
			);
			path = Caregiver;
			sourceTree = "<group>";
		};
		42D2BAEBDAC7DE0C44BB9CD1 /* PatientReadOnly */ = {
			isa = PBXGroup;
			children = (
				F65CEF9BC60A7F91DB1ACCE1 /* PatientReadOnlyView.swift */,
			);
			path = PatientReadOnly;
			sourceTree = "<group>";
		};
		4611A1DD0F67F10A64BD0600 /* Notifications */ = {
			isa = PBXGroup;
			children = (
				44343B10C54EC3AF03A290E5 /* NotificationDeepLinkRouter.swift */,
				721F43D1AEC682D6A39D47D3 /* NotificationPermissionManager.swift */,
				A0553302E054BBF130267A11 /* NotificationPlanBuilder.swift */,
				0E5797509D584B7B93F402B4 /* NotificationPreferencesStore.swift */,
				9175FA959FB3561933F5F2EC /* NotificationScheduler.swift */,
				7DCBDC43794CD9B567EE94CB /* SchedulingRefreshCoordinator.swift */,
			);
			path = Notifications;
			sourceTree = "<group>";
		};
		4DAD4572D6388ED051EC7DBC /* Linking */ = {
			isa = PBXGroup;
			children = (
				EF25E0AC2E6F7B74E5AE6DD9 /* LinkCodeEntryView.swift */,
			);
			path = Linking;
			sourceTree = "<group>";
		};
		51DF18C771AD92BEAFDF21ED = {
			isa = PBXGroup;
			children = (
				80D730F32C311FB27644CE69 /* Assets.xcassets */,
				0ADC71538D8DF72EFC22926F /* GoogleService-Info.plist */,
				15841E214FB6CCFFB1B27151 /* App */,
				E401E5B4AF7BC11FDD5F32B6 /* Features */,
				F50EAA427463168A9B653C17 /* Networking */,
				FA50E70C7EA1B02336444737 /* Resources */,
				CFC6F2D9CD18F578EFD8E001 /* Services */,
				F4EAFFFD8DD887721209EAAC /* Shared */,
				E3BBD46D74E5948FF9B26BF2 /* Tests */,
				B341C91B15A13777AFA409E8 /* Products */,
			);
			sourceTree = "<group>";
		};
		533BB2AC9C4C2BBCEE69BC53 /* Inventory */ = {
			isa = PBXGroup;
			children = (
				071D9CAF62C18AC6DDC887BD /* InventoryDetailView.swift */,
				D28A063A709CA9505F5504F9 /* InventoryEmptyStateView.swift */,
				0E0C4E7DC46536FA717DCB8A /* InventoryListView.swift */,
			);
			path = Inventory;
			sourceTree = "<group>";
		};
		5393589EAEDD966C27A36820 /* Today */ = {
			isa = PBXGroup;
			children = (
				2F14389A25B5B1AFDD3C4518 /* PrnConfirmTests.swift */,
				59803E8F1DB8D7C07E6285E5 /* PrnOverlayUiTests.swift */,
				127ECD7701D8FD4F35F99077 /* PrnSectionViewModelTests.swift */,
				8FFB09A2847D3F7FDCFFCEC8 /* PrnTodayUiTests.swift */,
			);
			path = Today;
			sourceTree = "<group>";
		};
		65683ECB38C7596289CB06C2 /* Push */ = {
			isa = PBXGroup;
			children = (
				D99651621C933E0B2FDC5AB5 /* CaregiverPushSettingsTests.swift */,
				0AF6AFD1B47BE0E49B16EFD8 /* CaregiverPushUITests.swift */,
				F18E87A431F363088829F603 /* PushDeepLinkTests.swift */,
			);
			path = Push;
			sourceTree = "<group>";
		};
		6AF7C1DA753AD835EAE34B29 /* PDFExport */ = {
			isa = PBXGroup;
			children = (
				DAB4A7982EF513DD066ACCFD /* PDFExportButton.swift */,
				4A0372B9826CB3D2831F8FF0 /* PDFExportLockView.swift */,
				89294417BFFE97416FFE1361 /* PDFGenerator.swift */,
				891C730CACE8B439AA82280A /* PeriodPickerSheet.swift */,
				ABD7675083AAF91936829813 /* PeriodPickerViewModel.swift */,
			);
			path = PDFExport;
			sourceTree = "<group>";
		};
		73FB8044F5E6928226FB9A63 /* PatientManagement */ = {
			isa = PBXGroup;
			children = (
				4699C39F07E258727176FCAE /* CaregiverHomeView.swift */,
				6170CD781DA4ADA047089FA3 /* PatientCreateView.swift */,
				F74453B88750CFF15FF0FC3F /* PatientDeleteView.swift */,
				21EE1CB0A785976B0BFACF55 /* PatientLinkCodeView.swift */,
				E9E12BCBB71264FF90ADD7F7 /* PatientManagementView.swift */,
				2780958AD32B86D5FD3254D8 /* PatientRevokeView.swift */,
			);
			path = PatientManagement;
			sourceTree = "<group>";
		};
		7C632D3DABFEBEC21887EB91 /* ModeSelect */ = {
			isa = PBXGroup;
			children = (
				0ED0295C35ADCA8CCEB59000 /* ModeSelectView.swift */,
			);
			path = ModeSelect;
			sourceTree = "<group>";
		};
		8468C1796DBE57474BCBBFC4 /* Inventory */ = {
			isa = PBXGroup;
			children = (
				3D04923965D53D9B61AF9C20 /* InventoryEmptyStateUITests.swift */,
				330755D41A1951F0E8613782 /* InventoryListDetailUITests.swift */,
				1C19CDEC56393186801A875F /* InventoryOverlayUITests.swift */,
			);
			path = Inventory;
			sourceTree = "<group>";
		};
		91FC2026FF89482059F71C38 /* Notifications */ = {
			isa = PBXGroup;
			children = (
				ABBF5EB307A2B918E9712162 /* NotificationDeepLinkTests.swift */,
				6F3910BD2D33F5348FBDDEEC /* NotificationPlanBuilderTests.swift */,
				2E594C35EA698D01A962CE27 /* NotificationSchedulerTests.swift */,
				BE09CCA2A275B0AA41324F09 /* NotificationSettingsTests.swift */,
				1C1282AECEDEEF05EC919DE4 /* NotificationSettingsUITests.swift */,
				030FF0398901FCE2AFC189D6 /* NotificationTapUITests.swift */,
			);
			path = Notifications;
			sourceTree = "<group>";
		};
		9C1E307A480ED7D4BD4EC043 /* Billing */ = {
			isa = PBXGroup;
			children = (
				13B673FB9B28CA6F54B38147 /* EntitlementStoreTests.swift */,
				EC8474EBC760FF69142886D1 /* FeatureGateTests.swift */,
				F40BEBB24DA70264EB106FD4 /* PatientNoBillingUITests.swift */,
				BCC18253215BD74074A8CB36 /* PaywallUITests.swift */,
			);
			path = Billing;
			sourceTree = "<group>";
		};
		B341C91B15A13777AFA409E8 /* Products */ = {
			isa = PBXGroup;
			children = (
				30F0665AE9C17BFB7BD43D41 /* MedicationApp.app */,
				B24EE1B2BF4DDDB26FB959AD /* MedicationAppTests.xctest */,
			);
			name = Products;
			sourceTree = "<group>";
		};
		C0C28F2D96EFE3027D8148A4 /* Views */ = {
			isa = PBXGroup;
			children = (
				1F15D54BA84F66FF4EAD48C3 /* FullScreenContainer.swift */,
				F1515EED52C2E904E5C2F3B8 /* NavigationHeaderView.swift */,
				3335A90BDEB52C323A153517 /* SchedulingRefreshOverlay.swift */,
				53F3D10B0283F083999CFCEF /* StateViews.swift */,
			);
			path = Views;
			sourceTree = "<group>";
		};
		C242C151CD5306FE53BA9275 /* MedicationList */ = {
			isa = PBXGroup;
			children = (
				EC08C3E7B359DD5774B5DAAA /* MedicationListView.swift */,
			);
			path = MedicationList;
			sourceTree = "<group>";
		};
		CFC6F2D9CD18F578EFD8E001 /* Services */ = {
			isa = PBXGroup;
			children = (
				10B347F8F660C4110482F537 /* AuthService.swift */,
				0BE7F361C82942BC778FFCA8 /* DeviceTokenManager.swift */,
				2F3B3EC234D1D71D44BC2C6E /* LinkingService.swift */,
				D8FD22A7D92D4A09A9DFFF29 /* ReminderService.swift */,
			);
			path = Services;
			sourceTree = "<group>";
		};
		DDD6345900A1A06F62841CD8 /* Auth */ = {
			isa = PBXGroup;
			children = (
				AC0B3D46C84BDF4988FAD45A /* CaregiverAuthChoiceView.swift */,
				5EFC3080A97C8534B55D4B19 /* CaregiverLoginView.swift */,
				67DB89D6E699DF066387CC24 /* CaregiverSignupView.swift */,
			);
			path = Auth;
			sourceTree = "<group>";
		};
		E3BBD46D74E5948FF9B26BF2 /* Tests */ = {
			isa = PBXGroup;
			children = (
				C864E2CD124754159C571F26 /* APIClientTests.swift */,
				50CC3E300E058B7C790B9BD6 /* HistoryOverlayTests.swift */,
				08D4DBCBF2CE5522633BB90C /* Info.plist */,
				1936DBB41CFB0907EE79DBF6 /* MedicationFormValidationTests.swift */,
				F793F0C9A8BBA67CA9C46326 /* MedicationFormViewModelTests.swift */,
				EB55437B073B6E2D5D88F3AE /* MedicationListViewModelTests.swift */,
				7A42ADC235670AD205259290 /* PatientManagementViewModelTests.swift */,
				B4FA16D48A97D298701D0C75 /* ReminderSchedulingTests.swift */,
				C478A1F0A87BA5A6933C496E /* SessionStoreTests.swift */,
				0CEC8F0CD10FAA9C276E6B82 /* TodayCaregiverFlowTests.swift */,
				013B6B790A720A87F5E3035D /* TodayPatientFlowTests.swift */,
				9C1E307A480ED7D4BD4EC043 /* Billing */,
				3F9563B76213D35F5B29F626 /* Caregiver */,
				0A5C0DB82C9AE1169D87EE70 /* History */,
				8468C1796DBE57474BCBBFC4 /* Inventory */,
				2E52607928949AA90078E476 /* Medication */,
				91FC2026FF89482059F71C38 /* Notifications */,
				12BA0C46D944BEEE52BB87BA /* PDFExport */,
				65683ECB38C7596289CB06C2 /* Push */,
				E8C1EF3E976B137BE0E28F8F /* SlotBulkRecord */,
				5393589EAEDD966C27A36820 /* Today */,
			);
			path = Tests;
			sourceTree = "<group>";
		};
		E401E5B4AF7BC11FDD5F32B6 /* Features */ = {
			isa = PBXGroup;
			children = (
				DDD6345900A1A06F62841CD8 /* Auth */,
				F199FBE5534FCA11DE5AA76A /* Billing */,
				F8B0110A226D1D919437EAA1 /* Caregiver */,
				0A85C71E5807B14766F403D9 /* History */,
				533BB2AC9C4C2BBCEE69BC53 /* Inventory */,
				4DAD4572D6388ED051EC7DBC /* Linking */,
				27B28F49BE53014BA49C37BC /* MedicationForm */,
				C242C151CD5306FE53BA9275 /* MedicationList */,
				7C632D3DABFEBEC21887EB91 /* ModeSelect */,
				4611A1DD0F67F10A64BD0600 /* Notifications */,
				73FB8044F5E6928226FB9A63 /* PatientManagement */,
				42D2BAEBDAC7DE0C44BB9CD1 /* PatientReadOnly */,
				6AF7C1DA753AD835EAE34B29 /* PDFExport */,
				215249493CD341C234C4DFA3 /* Settings */,
				2E7321507F6B0A6AADBF64AE /* Today */,
			);
			path = Features;
			sourceTree = "<group>";
		};
		E8C1EF3E976B137BE0E28F8F /* SlotBulkRecord */ = {
			isa = PBXGroup;
			children = (
				12684A1F8BC610867585DA97 /* SlotBulkRecordUITests.swift */,
				DE96F6150C049AA64E9847D1 /* SlotCardRenderingTests.swift */,
			);
			path = SlotBulkRecord;
			sourceTree = "<group>";
		};
		F199FBE5534FCA11DE5AA76A /* Billing */ = {
			isa = PBXGroup;
			children = (
				49308687EE15C8BF1B4BE6B0 /* EntitlementStore.swift */,
				18FDDB6ECC5AFC96044F8CB4 /* FeatureGate.swift */,
				D9D1D0F4F880D14BFC56972A /* PaywallView.swift */,
				18318D43942E0706C087F30D /* PaywallViewModel.swift */,
			);
			path = Billing;
			sourceTree = "<group>";
		};
		F4EAFFFD8DD887721209EAAC /* Shared */ = {
			isa = PBXGroup;
			children = (
				DB301A66DEAEF3BCF639C5DD /* AppConstants.swift */,
				55D848B099AC94BF91C18A12 /* SessionStore.swift */,
				0833835FF692FBCE583CA869 /* Banner */,
				C0C28F2D96EFE3027D8148A4 /* Views */,
			);
			path = Shared;
			sourceTree = "<group>";
		};
		F50EAA427463168A9B653C17 /* Networking */ = {
			isa = PBXGroup;
			children = (
				48D944249F964B12755FD2DF /* APIClient.swift */,
				1B421542D92993BB7B79D9D3 /* APIError.swift */,
				5A1C86D4E584FBC8DFCE97D4 /* HistoryClient.swift */,
				3D76FDFEEF51C1C9973F4936 /* InventoryAPI.swift */,
				388F121B3382F1004EC82EBE /* DTOs */,
			);
			path = Networking;
			sourceTree = "<group>";
		};
		F8B0110A226D1D919437EAA1 /* Caregiver */ = {
			isa = PBXGroup;
			children = (
				559F7D05EAC2932241E20F4E /* CaregiverSessionController.swift */,
			);
			path = Caregiver;
			sourceTree = "<group>";
		};
		FA50E70C7EA1B02336444737 /* Resources */ = {
			isa = PBXGroup;
			children = (
				CE69B91B4906C7A17F081989 /* Localizable.strings */,
			);
			path = Resources;
			sourceTree = "<group>";
		};
/* End PBXGroup section */

/* Begin PBXNativeTarget section */
		7B2B93319ECFF27D796B5E87 /* MedicationApp */ = {
			isa = PBXNativeTarget;
			buildConfigurationList = 23769F69F26A8559D65055DA /* Build configuration list for PBXNativeTarget "MedicationApp" */;
			buildPhases = (
				1DF30347F72939D9215DC176 /* Sources */,
				C124278F628BDEA3C8D10875 /* Resources */,
				2DF7193C3332D9E703DE1909 /* Frameworks */,
			);
			buildRules = (
			);
			dependencies = (
			);
			name = MedicationApp;
			packageProductDependencies = (
				8BC90A35E94281A03BD02619 /* FirebaseMessaging */,
			);
			productName = MedicationApp;
			productReference = 30F0665AE9C17BFB7BD43D41 /* MedicationApp.app */;
			productType = "com.apple.product-type.application";
		};
		F30C687D0A9785EF5763DBB2 /* MedicationAppTests */ = {
			isa = PBXNativeTarget;
			buildConfigurationList = D7CAF379485737FC41B53BF0 /* Build configuration list for PBXNativeTarget "MedicationAppTests" */;
			buildPhases = (
				F064BB41427AAEC7A46FF7C6 /* Sources */,
			);
			buildRules = (
			);
			dependencies = (
				AD4394A5EBA9D3516E1755DE /* PBXTargetDependency */,
			);
			name = MedicationAppTests;
			packageProductDependencies = (
			);
			productName = MedicationAppTests;
			productReference = B24EE1B2BF4DDDB26FB959AD /* MedicationAppTests.xctest */;
			productType = "com.apple.product-type.bundle.unit-test";
		};
/* End PBXNativeTarget section */

/* Begin PBXProject section */
		066518086EFA98331F6FE21E /* Project object */ = {
			isa = PBXProject;
			attributes = {
				BuildIndependentTargetsInParallel = YES;
				LastUpgradeCheck = 1430;
			};
			buildConfigurationList = F82C955E81F25ABB564A4F23 /* Build configuration list for PBXProject "MedicationApp" */;
			compatibilityVersion = "Xcode 14.0";
			developmentRegion = en;
			hasScannedForEncodings = 0;
			knownRegions = (
				Base,
				en,
			);
			mainGroup = 51DF18C771AD92BEAFDF21ED;
			minimizedProjectReferenceProxies = 1;
			packageReferences = (
				5C9FFD96061CF9A120447533 /* XCRemoteSwiftPackageReference "firebase-ios-sdk" */,
			);
			preferredProjectObjectVersion = 77;
			projectDirPath = "";
			projectRoot = "";
			targets = (
				7B2B93319ECFF27D796B5E87 /* MedicationApp */,
				F30C687D0A9785EF5763DBB2 /* MedicationAppTests */,
			);
		};
/* End PBXProject section */

/* Begin PBXResourcesBuildPhase section */
		C124278F628BDEA3C8D10875 /* Resources */ = {
			isa = PBXResourcesBuildPhase;
			buildActionMask = 2147483647;
			files = (
				3F51C80C88632AC450E9771A /* Assets.xcassets in Resources */,
				831DFECBC7CBCAE01A5B9BD4 /* GoogleService-Info.plist in Resources */,
				0D5ECB5EDCE89C6243561201 /* LaunchScreen.storyboard in Resources */,
				69F70E3ACDD8576579F8AD0E /* Localizable.strings in Resources */,
				0BE25CB60B085ADA81C99A63 /* Products.storekit in Resources */,
			);
			runOnlyForDeploymentPostprocessing = 0;
		};
/* End PBXResourcesBuildPhase section */

/* Begin PBXSourcesBuildPhase section */
		1DF30347F72939D9215DC176 /* Sources */ = {
			isa = PBXSourcesBuildPhase;
			buildActionMask = 2147483647;
			files = (
				0E7183A7256CA67A2F98F040 /* APIClient.swift in Sources */,
				08F2E2D7265212F0DAEC48C8 /* APIError.swift in Sources */,
				65386D4F7C7CB8FED577D70A /* AppConstants.swift in Sources */,
				D54B114E09FDD6541A0C9A68 /* AppDelegate.swift in Sources */,
				CC241D83091F75F9817D86C1 /* AuthService.swift in Sources */,
				99C00580D1C7031D0250D81F /* CaregiverAuthChoiceView.swift in Sources */,
				292DEDE97BAB04DA0FD71665 /* CaregiverHistoryView.swift in Sources */,
				384FCBE5554E1F466CF09010 /* CaregiverHomeView.swift in Sources */,
				9E32A2665B38F39DF6691477 /* CaregiverLoginView.swift in Sources */,
				04A1659CD708BD4BC325B689 /* CaregiverPushSettingsViewModel.swift in Sources */,
				548B7EC3C9577EA879E95B8B /* CaregiverSessionController.swift in Sources */,
				99577734807B7EA60CCA2553 /* CaregiverSettingsView.swift in Sources */,
				1E22E1419C6A3C99AD170461 /* CaregiverSignupView.swift in Sources */,
				693B59F82501F97112D49167 /* CaregiverTodayView.swift in Sources */,
				8BBD6605998DF41AC1BD1B51 /* CaregiverTodayViewModel.swift in Sources */,
				E61BA8EC38CB8CA2BAE40A24 /* DeviceTokenManager.swift in Sources */,
				462DE5559B9EA777DC2697EC /* DoseRecordDTO.swift in Sources */,
				291B6376A250F33FB5566E26 /* EmptyDTO.swift in Sources */,
				CB90F4D6BCAB7C7E3B9D1AA2 /* EntitlementDTO.swift in Sources */,
				6B2913B8EC71E419A1BA40CA /* EntitlementStore.swift in Sources */,
				EF23AFF65F275D6CAE9A5E96 /* FeatureGate.swift in Sources */,
				3CBD461BAAD1813E71A0BE0F /* FullScreenContainer.swift in Sources */,
				438A0C58BB3A66C97036BD1D /* GlobalBannerPresenter.swift in Sources */,
				A9208875EAD49376C78455B5 /* HistoryClient.swift in Sources */,
				14FE6A44BCB6351FD553532D /* HistoryDTO.swift in Sources */,
				DEAC7E5C6F5D22043AF1984F /* HistoryDayDetailView.swift in Sources */,
				F0ED32E7A0770A97F9A4FA40 /* HistoryMonthView.swift in Sources */,
				F9CE64F4A5806DDF2475ECF5 /* HistoryReportDTO.swift in Sources */,
				449BC70138C5324A8A8DCA3A /* HistoryRetentionLockView.swift in Sources */,
				DD242156C89713B0FF8EDDE7 /* HistoryViewModel.swift in Sources */,
				AB79981DF77D1D6D77D673DF /* InventoryAPI.swift in Sources */,
				E778ED1907B9FAF8C59C150C /* InventoryDTO.swift in Sources */,
				173F340EC95041C491379106 /* InventoryDetailView.swift in Sources */,
				6D4F50BB193E26F6AAE21092 /* InventoryEmptyStateView.swift in Sources */,
				E95ABB18FB2ED1D681671070 /* InventoryListView.swift in Sources */,
				86383151B8A2885DF215EF2F /* LinkCodeEntryView.swift in Sources */,
				60E08AF3CCF0AE7F4FB97E8B /* LinkingService.swift in Sources */,
				9AC12771713EEFB88AB180B2 /* MedicationApp.swift in Sources */,
				CF614E0251DC6ABDFC51D8D8 /* MedicationDTO.swift in Sources */,
				07A122CD68554DEF139F0929 /* MedicationFormView.swift in Sources */,
				9CD32F9777E00CA402463257 /* MedicationFormViewModel.swift in Sources */,
				D427E43F32FD2C23CA3BB00A /* MedicationListView.swift in Sources */,
				E865934EDE6E1079E23D6398 /* ModeSelectView.swift in Sources */,
				D7E1632209BA541EECCC1B80 /* NavigationHeaderView.swift in Sources */,
				6F09CF04BF188B5161EA6460 /* NotificationDeepLinkRouter.swift in Sources */,
				592951FFB17246BCDE0947BC /* NotificationPermissionManager.swift in Sources */,
				1D9B75FDE4F5917C04821393 /* NotificationPlanBuilder.swift in Sources */,
				73D859E7021BCA0DE1A38356 /* NotificationPreferencesStore.swift in Sources */,
				2154EC8A48517F04C81C994E /* NotificationScheduler.swift in Sources */,
				19BD9678882E1E87704A8A4C /* PDFExportButton.swift in Sources */,
				6583A91716196398494F8428 /* PDFExportLockView.swift in Sources */,
				21BC06B460AED29924F85D70 /* PDFGenerator.swift in Sources */,
				7DF3566583CE87FD843DC3D3 /* PatientCreateView.swift in Sources */,
				DE57860517336AEA015A9311 /* PatientDTO.swift in Sources */,
				F3E0B8DEDD0ABF7BBAA831CB /* PatientDeleteView.swift in Sources */,
				ECB7D41D5AC07277A3362980 /* PatientLinkCodeView.swift in Sources */,
				231E768D2ED6D37CF69F64AF /* PatientManagementView.swift in Sources */,
				75E9F2A01627779530212DA5 /* PatientReadOnlyView.swift in Sources */,
				75545D2CC4BE7F58C85D198D /* PatientRevokeView.swift in Sources */,
				A428B5E925F219C96731E370 /* PatientTodayView.swift in Sources */,
				9240F934ABC46934E2A976A4 /* PatientTodayViewModel.swift in Sources */,
				6FA4E4F3D21715CF71391418 /* PaywallView.swift in Sources */,
				A368DDDB83925DDFFFE53CC9 /* PaywallViewModel.swift in Sources */,
				9D2399E1B34F75CBD52AD0F0 /* PeriodPickerSheet.swift in Sources */,
				966D7F4172E2FA7DCF79008F /* PeriodPickerViewModel.swift in Sources */,
				33BD2CB7F75CD2EBC7AEDFA6 /* PrnDoseRecordDTO.swift in Sources */,
				EBC82CA27064EED79BAFD52A /* ReminderBannerPresenter.swift in Sources */,
				A9E01ADD70C1C0763905008D /* ReminderService.swift in Sources */,
				C531B4EE2AF37C0A10FE41B1 /* RootView.swift in Sources */,
				4C61DCB405E3ED7065950C8C /* SchedulingRefreshCoordinator.swift in Sources */,
				9BDBE28767029C5017FDA414 /* SchedulingRefreshOverlay.swift in Sources */,
				C6F26CAD5BC8841754DDEDEE /* SessionStore.swift in Sources */,
				B0BD67450DF6D9F01C710F5C /* SlotBulkRecordDTO.swift in Sources */,
				0F4FB82A94528ACED5A8531C /* SplashView.swift in Sources */,
				736A57035E5FAB697D158DD0 /* StateViews.swift in Sources */,
				E0EBB42848864A7DF863F91C /* TodaySlotHighlight.swift in Sources */,
			);
			runOnlyForDeploymentPostprocessing = 0;
		};
		F064BB41427AAEC7A46FF7C6 /* Sources */ = {
			isa = PBXSourcesBuildPhase;
			buildActionMask = 2147483647;
			files = (
				ED619E29E74E4546A2591DF6 /* APIClientTests.swift in Sources */,
				997DD9BA465D9BF5854F43E5 /* CaregiverBannerUITests.swift in Sources */,
				34D5BC6EC9144D274A5234CB /* CaregiverPushSettingsTests.swift in Sources */,
				95FD7BBD4A4B4283D865AC33 /* CaregiverPushUITests.swift in Sources */,
				AE5360FCEE21DB28BEAF3CD4 /* EntitlementStoreTests.swift in Sources */,
				D86536F626E516A3F76E9257 /* FeatureGateTests.swift in Sources */,
				A6F87610742EC8B5B96B4478 /* HistoryOverlayTests.swift in Sources */,
				C6BA67D9849095E39EBC05DF /* HistoryRetentionTests.swift in Sources */,
				F69C8BA470A57C8BBB10C4EA /* HistoryRetentionUITests.swift in Sources */,
				D2EF3893543CA8CAC3CD3C30 /* InventoryBannerUITests.swift in Sources */,
				23FFCAA44F470CD064E103FC /* InventoryEmptyStateUITests.swift in Sources */,
				F3B65F995BBDB4602590DA22 /* InventoryListDetailUITests.swift in Sources */,
				6794A9A7DBD3DF5D50FD74F2 /* InventoryOverlayUITests.swift in Sources */,
				5DFE8FD36CAEB373DF8D79D7 /* MedicationFormValidationTests.swift in Sources */,
				48CB1ABF9F105E0E095F3EA4 /* MedicationFormViewModelTests.swift in Sources */,
				403B60DF0710DEE297E332E7 /* MedicationListViewModelTests.swift in Sources */,
				B75901EA0B24EE45AD401EC3 /* NotificationDeepLinkTests.swift in Sources */,
				1B0FA4537B34C4ACA955D160 /* NotificationPlanBuilderTests.swift in Sources */,
				8961919C4BD866DB7FF627B8 /* NotificationSchedulerTests.swift in Sources */,
				4F526488F12A24E98DF6A584 /* NotificationSettingsTests.swift in Sources */,
				7B0FD402EE6904E0150BE8C7 /* NotificationSettingsUITests.swift in Sources */,
				DBC661AF788E38CF3F364C67 /* NotificationTapUITests.swift in Sources */,
				7E2A8438C8648B75FC37420F /* PDFExportPatientTests.swift in Sources */,
				2931FB618244BB1F116DC12A /* PDFExportUITests.swift in Sources */,
				82A0A96BAE16821A52B0B585 /* PatientManagementViewModelTests.swift in Sources */,
				05C70966A8D666FC54CBCBC5 /* PatientNoBillingUITests.swift in Sources */,
				84C46FCCBDF4B193016215A2 /* PaywallUITests.swift in Sources */,
				7DAC14085E8DD8685FC3355D /* PeriodPresetTests.swift in Sources */,
				15B585257945D86F53307989 /* PrnConfirmTests.swift in Sources */,
				FCE120E4D0D8CAE4A17E3089 /* PrnMedicationUiTests.swift in Sources */,
				0C743631749D3703ECF117C7 /* PrnOverlayUiTests.swift in Sources */,
				D8ECB33F09117F9E93897261 /* PrnSectionViewModelTests.swift in Sources */,
				ECE09FE0AC719A77B2491C8C /* PrnTodayUiTests.swift in Sources */,
				DDE2DB568009CE9C1CD4B7CB /* PushDeepLinkTests.swift in Sources */,
				79086DA5E28FA9AC4F1444B5 /* RangeValidationTests.swift in Sources */,
				F6C825BED0D7EEB2CE3CCF28 /* ReminderSchedulingTests.swift in Sources */,
				9294808D59A7EBB3A7260373 /* SessionStoreTests.swift in Sources */,
				7DD888501B1F1424D2E6F888 /* SlotBulkRecordUITests.swift in Sources */,
				223BB87103691943BF0BAC56 /* SlotCardRenderingTests.swift in Sources */,
				9315A5D0E9689A9AD2EED834 /* TodayCaregiverFlowTests.swift in Sources */,
				A91CE62CDD4B5ABC87590915 /* TodayPatientFlowTests.swift in Sources */,
			);
			runOnlyForDeploymentPostprocessing = 0;
		};
/* End PBXSourcesBuildPhase section */

/* Begin PBXTargetDependency section */
		AD4394A5EBA9D3516E1755DE /* PBXTargetDependency */ = {
			isa = PBXTargetDependency;
			target = 7B2B93319ECFF27D796B5E87 /* MedicationApp */;
			targetProxy = F1E848AD283FFCB85A0335FF /* PBXContainerItemProxy */;
		};
/* End PBXTargetDependency section */

/* Begin XCBuildConfiguration section */
		1B0BB5E8F7A558BA780DA75C /* Release */ = {
			isa = XCBuildConfiguration;
			buildSettings = {
				ALWAYS_SEARCH_USER_PATHS = NO;
				CLANG_ANALYZER_NONNULL = YES;
				CLANG_ANALYZER_NUMBER_OBJECT_CONVERSION = YES_AGGRESSIVE;
				CLANG_CXX_LANGUAGE_STANDARD = "gnu++14";
				CLANG_CXX_LIBRARY = "libc++";
				CLANG_ENABLE_MODULES = YES;
				CLANG_ENABLE_OBJC_ARC = YES;
				CLANG_ENABLE_OBJC_WEAK = YES;
				CLANG_WARN_BLOCK_CAPTURE_AUTORELEASING = YES;
				CLANG_WARN_BOOL_CONVERSION = YES;
				CLANG_WARN_COMMA = YES;
				CLANG_WARN_CONSTANT_CONVERSION = YES;
				CLANG_WARN_DEPRECATED_OBJC_IMPLEMENTATIONS = YES;
				CLANG_WARN_DIRECT_OBJC_ISA_USAGE = YES_ERROR;
				CLANG_WARN_DOCUMENTATION_COMMENTS = YES;
				CLANG_WARN_EMPTY_BODY = YES;
				CLANG_WARN_ENUM_CONVERSION = YES;
				CLANG_WARN_INFINITE_RECURSION = YES;
				CLANG_WARN_INT_CONVERSION = YES;
				CLANG_WARN_NON_LITERAL_NULL_CONVERSION = YES;
				CLANG_WARN_OBJC_IMPLICIT_RETAIN_SELF = YES;
				CLANG_WARN_OBJC_LITERAL_CONVERSION = YES;
				CLANG_WARN_OBJC_ROOT_CLASS = YES_ERROR;
				CLANG_WARN_QUOTED_INCLUDE_IN_FRAMEWORK_HEADER = YES;
				CLANG_WARN_RANGE_LOOP_ANALYSIS = YES;
				CLANG_WARN_STRICT_PROTOTYPES = YES;
				CLANG_WARN_SUSPICIOUS_MOVE = YES;
				CLANG_WARN_UNGUARDED_AVAILABILITY = YES_AGGRESSIVE;
				CLANG_WARN_UNREACHABLE_CODE = YES;
				CLANG_WARN__DUPLICATE_METHOD_MATCH = YES;
				COPY_PHASE_STRIP = NO;
				DEBUG_INFORMATION_FORMAT = "dwarf-with-dsym";
				ENABLE_NS_ASSERTIONS = NO;
				ENABLE_STRICT_OBJC_MSGSEND = YES;
				GCC_C_LANGUAGE_STANDARD = gnu11;
				GCC_NO_COMMON_BLOCKS = YES;
				GCC_WARN_64_TO_32_BIT_CONVERSION = YES;
				GCC_WARN_ABOUT_RETURN_TYPE = YES_ERROR;
				GCC_WARN_UNDECLARED_SELECTOR = YES;
				GCC_WARN_UNINITIALIZED_AUTOS = YES_AGGRESSIVE;
				GCC_WARN_UNUSED_FUNCTION = YES;
				GCC_WARN_UNUSED_VARIABLE = YES;
				IPHONEOS_DEPLOYMENT_TARGET = 26.0;
				MTL_ENABLE_DEBUG_INFO = NO;
				MTL_FAST_MATH = YES;
				PRODUCT_NAME = "$(TARGET_NAME)";
				SDKROOT = iphoneos;
				SWIFT_COMPILATION_MODE = wholemodule;
				SWIFT_OPTIMIZATION_LEVEL = "-O";
				SWIFT_VERSION = 6.2;
			};
			name = Release;
		};
		28580ACF55DCBABB8689762A /* Debug */ = {
			isa = XCBuildConfiguration;
			buildSettings = {
				ASSETCATALOG_COMPILER_APPICON_NAME = AppIcon;
				CODE_SIGN_IDENTITY = "iPhone Developer";
				CURRENT_PROJECT_VERSION = 1;
				INFOPLIST_FILE = App/Info.plist;
				LD_RUNPATH_SEARCH_PATHS = (
					"$(inherited)",
					"@executable_path/Frameworks",
				);
				MARKETING_VERSION = 0.1.0;
				PRODUCT_BUNDLE_IDENTIFIER = "com.example.med-manager-app";
				SDKROOT = iphoneos;
				TARGETED_DEVICE_FAMILY = "1,2";
			};
			name = Debug;
		};
		5F82D5701B42F91121D533A8 /* Debug */ = {
			isa = XCBuildConfiguration;
			buildSettings = {
				ALWAYS_SEARCH_USER_PATHS = NO;
				CLANG_ANALYZER_NONNULL = YES;
				CLANG_ANALYZER_NUMBER_OBJECT_CONVERSION = YES_AGGRESSIVE;
				CLANG_CXX_LANGUAGE_STANDARD = "gnu++14";
				CLANG_CXX_LIBRARY = "libc++";
				CLANG_ENABLE_MODULES = YES;
				CLANG_ENABLE_OBJC_ARC = YES;
				CLANG_ENABLE_OBJC_WEAK = YES;
				CLANG_WARN_BLOCK_CAPTURE_AUTORELEASING = YES;
				CLANG_WARN_BOOL_CONVERSION = YES;
				CLANG_WARN_COMMA = YES;
				CLANG_WARN_CONSTANT_CONVERSION = YES;
				CLANG_WARN_DEPRECATED_OBJC_IMPLEMENTATIONS = YES;
				CLANG_WARN_DIRECT_OBJC_ISA_USAGE = YES_ERROR;
				CLANG_WARN_DOCUMENTATION_COMMENTS = YES;
				CLANG_WARN_EMPTY_BODY = YES;
				CLANG_WARN_ENUM_CONVERSION = YES;
				CLANG_WARN_INFINITE_RECURSION = YES;
				CLANG_WARN_INT_CONVERSION = YES;
				CLANG_WARN_NON_LITERAL_NULL_CONVERSION = YES;
				CLANG_WARN_OBJC_IMPLICIT_RETAIN_SELF = YES;
				CLANG_WARN_OBJC_LITERAL_CONVERSION = YES;
				CLANG_WARN_OBJC_ROOT_CLASS = YES_ERROR;
				CLANG_WARN_QUOTED_INCLUDE_IN_FRAMEWORK_HEADER = YES;
				CLANG_WARN_RANGE_LOOP_ANALYSIS = YES;
				CLANG_WARN_STRICT_PROTOTYPES = YES;
				CLANG_WARN_SUSPICIOUS_MOVE = YES;
				CLANG_WARN_UNGUARDED_AVAILABILITY = YES_AGGRESSIVE;
				CLANG_WARN_UNREACHABLE_CODE = YES;
				CLANG_WARN__DUPLICATE_METHOD_MATCH = YES;
				COPY_PHASE_STRIP = NO;
				DEBUG_INFORMATION_FORMAT = dwarf;
				ENABLE_STRICT_OBJC_MSGSEND = YES;
				ENABLE_TESTABILITY = YES;
				GCC_C_LANGUAGE_STANDARD = gnu11;
				GCC_DYNAMIC_NO_PIC = NO;
				GCC_NO_COMMON_BLOCKS = YES;
				GCC_OPTIMIZATION_LEVEL = 0;
				GCC_PREPROCESSOR_DEFINITIONS = (
					"$(inherited)",
					"DEBUG=1",
				);
				GCC_WARN_64_TO_32_BIT_CONVERSION = YES;
				GCC_WARN_ABOUT_RETURN_TYPE = YES_ERROR;
				GCC_WARN_UNDECLARED_SELECTOR = YES;
				GCC_WARN_UNINITIALIZED_AUTOS = YES_AGGRESSIVE;
				GCC_WARN_UNUSED_FUNCTION = YES;
				GCC_WARN_UNUSED_VARIABLE = YES;
				IPHONEOS_DEPLOYMENT_TARGET = 26.0;
				MTL_ENABLE_DEBUG_INFO = INCLUDE_SOURCE;
				MTL_FAST_MATH = YES;
				ONLY_ACTIVE_ARCH = YES;
				PRODUCT_NAME = "$(TARGET_NAME)";
				SDKROOT = iphoneos;
				SWIFT_ACTIVE_COMPILATION_CONDITIONS = DEBUG;
				SWIFT_OPTIMIZATION_LEVEL = "-Onone";
				SWIFT_VERSION = 6.2;
			};
			name = Debug;
		};
		73EEEBA6146A85D0E89A9373 /* Debug */ = {
			isa = XCBuildConfiguration;
			buildSettings = {
				BUNDLE_LOADER = "$(TEST_HOST)";
				INFOPLIST_FILE = Tests/Info.plist;
				LD_RUNPATH_SEARCH_PATHS = (
					"$(inherited)",
					"@executable_path/Frameworks",
					"@loader_path/Frameworks",
				);
				PRODUCT_BUNDLE_IDENTIFIER = com.example.MedicationAppTests;
				SDKROOT = iphoneos;
				TARGETED_DEVICE_FAMILY = "1,2";
				TEST_HOST = "$(BUILT_PRODUCTS_DIR)/MedicationApp.app/MedicationApp";
			};
			name = Debug;
		};
		908FC765D800103CFD7FA9A5 /* Release */ = {
			isa = XCBuildConfiguration;
			buildSettings = {
				BUNDLE_LOADER = "$(TEST_HOST)";
				INFOPLIST_FILE = Tests/Info.plist;
				LD_RUNPATH_SEARCH_PATHS = (
					"$(inherited)",
					"@executable_path/Frameworks",
					"@loader_path/Frameworks",
				);
				PRODUCT_BUNDLE_IDENTIFIER = com.example.MedicationAppTests;
				SDKROOT = iphoneos;
				TARGETED_DEVICE_FAMILY = "1,2";
				TEST_HOST = "$(BUILT_PRODUCTS_DIR)/MedicationApp.app/MedicationApp";
			};
			name = Release;
		};
		F90680DEE1E158905D7A4593 /* Release */ = {
			isa = XCBuildConfiguration;
			buildSettings = {
				ASSETCATALOG_COMPILER_APPICON_NAME = AppIcon;
				CODE_SIGN_IDENTITY = "iPhone Developer";
				CURRENT_PROJECT_VERSION = 1;
				INFOPLIST_FILE = App/Info.plist;
				LD_RUNPATH_SEARCH_PATHS = (
					"$(inherited)",
					"@executable_path/Frameworks",
				);
				MARKETING_VERSION = 0.1.0;
				PRODUCT_BUNDLE_IDENTIFIER = "com.example.med-manager-app";
				SDKROOT = iphoneos;
				TARGETED_DEVICE_FAMILY = "1,2";
			};
			name = Release;
		};
/* End XCBuildConfiguration section */

/* Begin XCConfigurationList section */
		23769F69F26A8559D65055DA /* Build configuration list for PBXNativeTarget "MedicationApp" */ = {
			isa = XCConfigurationList;
			buildConfigurations = (
				28580ACF55DCBABB8689762A /* Debug */,
				F90680DEE1E158905D7A4593 /* Release */,
			);
			defaultConfigurationIsVisible = 0;
			defaultConfigurationName = Debug;
		};
		D7CAF379485737FC41B53BF0 /* Build configuration list for PBXNativeTarget "MedicationAppTests" */ = {
			isa = XCConfigurationList;
			buildConfigurations = (
				73EEEBA6146A85D0E89A9373 /* Debug */,
				908FC765D800103CFD7FA9A5 /* Release */,
			);
			defaultConfigurationIsVisible = 0;
			defaultConfigurationName = Debug;
		};
		F82C955E81F25ABB564A4F23 /* Build configuration list for PBXProject "MedicationApp" */ = {
			isa = XCConfigurationList;
			buildConfigurations = (
				5F82D5701B42F91121D533A8 /* Debug */,
				1B0BB5E8F7A558BA780DA75C /* Release */,
			);
			defaultConfigurationIsVisible = 0;
			defaultConfigurationName = Debug;
		};
/* End XCConfigurationList section */

/* Begin XCRemoteSwiftPackageReference section */
		5C9FFD96061CF9A120447533 /* XCRemoteSwiftPackageReference "firebase-ios-sdk" */ = {
			isa = XCRemoteSwiftPackageReference;
			repositoryURL = "https://github.com/firebase/firebase-ios-sdk";
			requirement = {
				kind = upToNextMajorVersion;
				minimumVersion = 11.0.0;
			};
		};
/* End XCRemoteSwiftPackageReference section */

/* Begin XCSwiftPackageProductDependency section */
		8BC90A35E94281A03BD02619 /* FirebaseMessaging */ = {
			isa = XCSwiftPackageProductDependency;
			package = 5C9FFD96061CF9A120447533 /* XCRemoteSwiftPackageReference "firebase-ios-sdk" */;
			productName = FirebaseMessaging;
		};
/* End XCSwiftPackageProductDependency section */
	};
	rootObject = 066518086EFA98331F6FE21E /* Project object */;
}
