# This is a Gradle generated file for dependency locking.
# Manual edits can break the build and are not advised.
# This file is expected to be part of source control.
androidx.activity:activity-compose:1.13.0=releaseRuntimeClasspath
androidx.activity:activity-ktx:1.13.0=releaseRuntimeClasspath
androidx.activity:activity:1.13.0=releaseRuntimeClasspath
androidx.annotation:annotation-experimental:1.4.1=releaseRuntimeClasspath
androidx.annotation:annotation-jvm:1.9.1=releaseRuntimeClasspath
androidx.annotation:annotation:1.9.1=releaseRuntimeClasspath
androidx.arch.core:core-common:2.2.0=releaseRuntimeClasspath
androidx.arch.core:core-runtime:2.2.0=releaseRuntimeClasspath
androidx.autofill:autofill:1.0.0=releaseRuntimeClasspath
androidx.collection:collection-jvm:1.5.0=releaseRuntimeClasspath
androidx.collection:collection-ktx:1.5.0=releaseRuntimeClasspath
androidx.collection:collection:1.5.0=releaseRuntimeClasspath
androidx.compose.animation:animation-android:1.11.3=releaseRuntimeClasspath
androidx.compose.animation:animation-core-android:1.11.3=releaseRuntimeClasspath
androidx.compose.animation:animation-core:1.11.3=releaseRuntimeClasspath
androidx.compose.animation:animation:1.11.3=releaseRuntimeClasspath
androidx.compose.foundation:foundation-android:1.11.3=releaseRuntimeClasspath
androidx.compose.foundation:foundation-layout-android:1.11.3=releaseRuntimeClasspath
androidx.compose.foundation:foundation-layout:1.11.3=releaseRuntimeClasspath
androidx.compose.foundation:foundation:1.11.3=releaseRuntimeClasspath
androidx.compose.material3:material3-android:1.4.0=releaseRuntimeClasspath
androidx.compose.material3:material3:1.4.0=releaseRuntimeClasspath
androidx.compose.material:material-icons-core-android:1.7.8=releaseRuntimeClasspath
androidx.compose.material:material-icons-core:1.7.8=releaseRuntimeClasspath
androidx.compose.material:material-icons-extended-android:1.7.8=releaseRuntimeClasspath
androidx.compose.material:material-icons-extended:1.7.8=releaseRuntimeClasspath
androidx.compose.material:material-ripple-android:1.11.3=releaseRuntimeClasspath
androidx.compose.material:material-ripple:1.11.3=releaseRuntimeClasspath
androidx.compose.runtime:runtime-android:1.11.3=releaseRuntimeClasspath
androidx.compose.runtime:runtime-annotation-android:1.11.3=releaseRuntimeClasspath
androidx.compose.runtime:runtime-annotation:1.11.3=releaseRuntimeClasspath
androidx.compose.runtime:runtime-retain-android:1.11.3=releaseRuntimeClasspath
androidx.compose.runtime:runtime-retain:1.11.3=releaseRuntimeClasspath
androidx.compose.runtime:runtime-saveable-android:1.11.3=releaseRuntimeClasspath
androidx.compose.runtime:runtime-saveable:1.11.3=releaseRuntimeClasspath
androidx.compose.runtime:runtime:1.11.3=releaseRuntimeClasspath
androidx.compose.ui:ui-android:1.11.3=releaseRuntimeClasspath
androidx.compose.ui:ui-geometry-android:1.11.3=releaseRuntimeClasspath
androidx.compose.ui:ui-geometry:1.11.3=releaseRuntimeClasspath
androidx.compose.ui:ui-graphics-android:1.11.3=releaseRuntimeClasspath
androidx.compose.ui:ui-graphics:1.11.3=releaseRuntimeClasspath
androidx.compose.ui:ui-text-android:1.11.3=releaseRuntimeClasspath
androidx.compose.ui:ui-text:1.11.3=releaseRuntimeClasspath
androidx.compose.ui:ui-tooling-preview-android:1.11.3=releaseRuntimeClasspath
androidx.compose.ui:ui-tooling-preview:1.11.3=releaseRuntimeClasspath
androidx.compose.ui:ui-unit-android:1.11.3=releaseRuntimeClasspath
androidx.compose.ui:ui-unit:1.11.3=releaseRuntimeClasspath
androidx.compose.ui:ui-util-android:1.11.3=releaseRuntimeClasspath
androidx.compose.ui:ui-util:1.11.3=releaseRuntimeClasspath
androidx.compose.ui:ui:1.11.3=releaseRuntimeClasspath
androidx.compose:compose-bom:2026.06.00=releaseRuntimeClasspath
androidx.concurrent:concurrent-futures:1.1.0=releaseRuntimeClasspath
androidx.core:core-ktx:1.18.0=releaseRuntimeClasspath
androidx.core:core-viewtree:1.0.0=releaseRuntimeClasspath
androidx.core:core:1.18.0=releaseRuntimeClasspath
androidx.customview:customview-poolingcontainer:1.0.0=releaseRuntimeClasspath
androidx.customview:customview:1.0.0=releaseRuntimeClasspath
androidx.datastore:datastore-android:1.1.7=releaseRuntimeClasspath
androidx.datastore:datastore-core-android:1.1.7=releaseRuntimeClasspath
androidx.datastore:datastore-core-okio-jvm:1.1.7=releaseRuntimeClasspath
androidx.datastore:datastore-core-okio:1.1.7=releaseRuntimeClasspath
androidx.datastore:datastore-core:1.1.7=releaseRuntimeClasspath
androidx.datastore:datastore-preferences-android:1.1.7=releaseRuntimeClasspath
androidx.datastore:datastore-preferences-core-android:1.1.7=releaseRuntimeClasspath
androidx.datastore:datastore-preferences-core:1.1.7=releaseRuntimeClasspath
androidx.datastore:datastore-preferences-external-protobuf:1.1.7=releaseRuntimeClasspath
androidx.datastore:datastore-preferences-proto:1.1.7=releaseRuntimeClasspath
androidx.datastore:datastore-preferences:1.1.7=releaseRuntimeClasspath
androidx.datastore:datastore:1.1.7=releaseRuntimeClasspath
androidx.documentfile:documentfile:1.0.0=releaseRuntimeClasspath
androidx.dynamicanimation:dynamicanimation:1.0.0=releaseRuntimeClasspath
androidx.emoji2:emoji2:1.4.0=releaseRuntimeClasspath
androidx.fragment:fragment:1.1.0=releaseRuntimeClasspath
androidx.graphics:graphics-path:1.0.1=releaseRuntimeClasspath
androidx.interpolator:interpolator:1.0.0=releaseRuntimeClasspath
androidx.legacy:legacy-support-core-utils:1.0.0=releaseRuntimeClasspath
androidx.lifecycle:lifecycle-common-java8:2.10.0=releaseRuntimeClasspath
androidx.lifecycle:lifecycle-common-jvm:2.10.0=releaseRuntimeClasspath
androidx.lifecycle:lifecycle-common:2.10.0=releaseRuntimeClasspath
androidx.lifecycle:lifecycle-livedata-core-ktx:2.10.0=releaseRuntimeClasspath
androidx.lifecycle:lifecycle-livedata-core:2.10.0=releaseRuntimeClasspath
androidx.lifecycle:lifecycle-livedata:2.10.0=releaseRuntimeClasspath
androidx.lifecycle:lifecycle-process:2.10.0=releaseRuntimeClasspath
androidx.lifecycle:lifecycle-runtime-android:2.10.0=releaseRuntimeClasspath
androidx.lifecycle:lifecycle-runtime-compose-android:2.10.0=releaseRuntimeClasspath
androidx.lifecycle:lifecycle-runtime-compose:2.10.0=releaseRuntimeClasspath
androidx.lifecycle:lifecycle-runtime-ktx-android:2.10.0=releaseRuntimeClasspath
androidx.lifecycle:lifecycle-runtime-ktx:2.10.0=releaseRuntimeClasspath
androidx.lifecycle:lifecycle-runtime:2.10.0=releaseRuntimeClasspath
androidx.lifecycle:lifecycle-viewmodel-android:2.10.0=releaseRuntimeClasspath
androidx.lifecycle:lifecycle-viewmodel-ktx:2.10.0=releaseRuntimeClasspath
androidx.lifecycle:lifecycle-viewmodel-savedstate-android:2.10.0=releaseRuntimeClasspath
androidx.lifecycle:lifecycle-viewmodel-savedstate:2.10.0=releaseRuntimeClasspath
androidx.lifecycle:lifecycle-viewmodel:2.10.0=releaseRuntimeClasspath
androidx.loader:loader:1.0.0=releaseRuntimeClasspath
androidx.localbroadcastmanager:localbroadcastmanager:1.0.0=releaseRuntimeClasspath
androidx.navigationevent:navigationevent-android:1.0.0=releaseRuntimeClasspath
androidx.navigationevent:navigationevent-compose-android:1.0.0=releaseRuntimeClasspath
androidx.navigationevent:navigationevent-compose:1.0.0=releaseRuntimeClasspath
androidx.navigationevent:navigationevent:1.0.0=releaseRuntimeClasspath
androidx.print:print:1.0.0=releaseRuntimeClasspath
androidx.privacysandbox.ads:ads-adservices-java:1.1.0-beta11=releaseRuntimeClasspath
androidx.privacysandbox.ads:ads-adservices:1.1.0-beta11=releaseRuntimeClasspath
androidx.profileinstaller:profileinstaller:1.4.0=releaseRuntimeClasspath
androidx.savedstate:savedstate-android:1.4.0=releaseRuntimeClasspath
androidx.savedstate:savedstate-compose-android:1.4.0=releaseRuntimeClasspath
androidx.savedstate:savedstate-compose:1.4.0=releaseRuntimeClasspath
androidx.savedstate:savedstate-ktx:1.4.0=releaseRuntimeClasspath
androidx.savedstate:savedstate:1.4.0=releaseRuntimeClasspath
androidx.startup:startup-runtime:1.1.1=releaseRuntimeClasspath
androidx.tracing:tracing:1.2.0=releaseRuntimeClasspath
androidx.transition:transition:1.6.0=releaseRuntimeClasspath
androidx.versionedparcelable:versionedparcelable:1.1.1=releaseRuntimeClasspath
androidx.viewpager:viewpager:1.0.0=releaseRuntimeClasspath
androidx.window:window-core-android:1.5.0=releaseRuntimeClasspath
androidx.window:window-core:1.5.0=releaseRuntimeClasspath
androidx.window:window:1.5.0=releaseRuntimeClasspath
com.google.android.datatransport:transport-api:3.1.0=releaseRuntimeClasspath
com.google.android.datatransport:transport-backend-cct:3.1.9=releaseRuntimeClasspath
com.google.android.datatransport:transport-runtime:3.1.9=releaseRuntimeClasspath
com.google.android.gms:play-services-ads-identifier:18.0.0=releaseRuntimeClasspath
com.google.android.gms:play-services-base:18.5.0=releaseRuntimeClasspath
com.google.android.gms:play-services-basement:18.5.0=releaseRuntimeClasspath
com.google.android.gms:play-services-cloud-messaging:17.2.0=releaseRuntimeClasspath
com.google.android.gms:play-services-measurement-api:23.0.0=releaseRuntimeClasspath
com.google.android.gms:play-services-measurement-base:23.0.0=releaseRuntimeClasspath
com.google.android.gms:play-services-measurement-impl:23.0.0=releaseRuntimeClasspath
com.google.android.gms:play-services-measurement-sdk-api:23.0.0=releaseRuntimeClasspath
com.google.android.gms:play-services-measurement-sdk:23.0.0=releaseRuntimeClasspath
com.google.android.gms:play-services-measurement:23.0.0=releaseRuntimeClasspath
com.google.android.gms:play-services-stats:17.0.2=releaseRuntimeClasspath
com.google.android.gms:play-services-tasks:18.2.0=releaseRuntimeClasspath
com.google.code.findbugs:jsr305:3.0.2=releaseRuntimeClasspath
com.google.errorprone:error_prone_annotations:2.26.0=releaseRuntimeClasspath
com.google.firebase:firebase-analytics:23.0.0=releaseRuntimeClasspath
com.google.firebase:firebase-annotations:17.0.0=releaseRuntimeClasspath
com.google.firebase:firebase-bom:34.7.0=releaseRuntimeClasspath
com.google.firebase:firebase-common:22.0.1=releaseRuntimeClasspath
com.google.firebase:firebase-components:19.0.0=releaseRuntimeClasspath
com.google.firebase:firebase-datatransport:18.2.0=releaseRuntimeClasspath
com.google.firebase:firebase-encoders-json:18.0.0=releaseRuntimeClasspath
com.google.firebase:firebase-encoders-proto:16.0.0=releaseRuntimeClasspath
com.google.firebase:firebase-encoders:17.0.0=releaseRuntimeClasspath
com.google.firebase:firebase-iid-interop:17.1.0=releaseRuntimeClasspath
com.google.firebase:firebase-installations-interop:17.1.1=releaseRuntimeClasspath
com.google.firebase:firebase-installations:19.0.1=releaseRuntimeClasspath
com.google.firebase:firebase-measurement-connector:19.0.0=releaseRuntimeClasspath
com.google.firebase:firebase-messaging:25.0.1=releaseRuntimeClasspath
com.google.guava:failureaccess:1.0.1=releaseRuntimeClasspath
com.google.guava:guava:31.1-android=releaseRuntimeClasspath
com.google.guava:listenablefuture:9999.0-empty-to-avoid-conflict-with-guava=releaseRuntimeClasspath
com.google.j2objc:j2objc-annotations:1.3=releaseRuntimeClasspath
com.squareup.okio:okio-jvm:3.4.0=releaseRuntimeClasspath
com.squareup.okio:okio:3.4.0=releaseRuntimeClasspath
javax.inject:javax.inject:1=releaseRuntimeClasspath
org.checkerframework:checker-qual:3.12.0=releaseRuntimeClasspath
org.jetbrains.kotlin:kotlin-android-extensions-runtime:1.9.22=releaseRuntimeClasspath
org.jetbrains.kotlin:kotlin-parcelize-runtime:1.9.22=releaseRuntimeClasspath
org.jetbrains.kotlin:kotlin-stdlib-common:2.2.0=releaseRuntimeClasspath
org.jetbrains.kotlin:kotlin-stdlib-jdk7:1.8.0=releaseRuntimeClasspath
org.jetbrains.kotlin:kotlin-stdlib-jdk8:1.8.0=releaseRuntimeClasspath
org.jetbrains.kotlin:kotlin-stdlib:2.2.0=releaseRuntimeClasspath
org.jetbrains.kotlinx:kotlinx-coroutines-android:1.10.2=releaseRuntimeClasspath
org.jetbrains.kotlinx:kotlinx-coroutines-bom:1.10.2=releaseRuntimeClasspath
org.jetbrains.kotlinx:kotlinx-coroutines-core-jvm:1.10.2=releaseRuntimeClasspath
org.jetbrains.kotlinx:kotlinx-coroutines-core:1.10.2=releaseRuntimeClasspath
org.jetbrains.kotlinx:kotlinx-coroutines-play-services:1.10.2=releaseRuntimeClasspath
org.jetbrains.kotlinx:kotlinx-serialization-bom:1.9.0=releaseRuntimeClasspath
org.jetbrains.kotlinx:kotlinx-serialization-core-jvm:1.9.0=releaseRuntimeClasspath
org.jetbrains.kotlinx:kotlinx-serialization-core:1.9.0=releaseRuntimeClasspath
org.jetbrains.kotlinx:kotlinx-serialization-json-jvm:1.9.0=releaseRuntimeClasspath
org.jetbrains.kotlinx:kotlinx-serialization-json:1.9.0=releaseRuntimeClasspath
org.jetbrains:annotations:23.0.0=releaseRuntimeClasspath
org.jspecify:jspecify:1.0.0=releaseRuntimeClasspath
empty=
